
Microsoft Visual Studio Solution File, Format Version 12.00
# Visual Studio 15
VisualStudioVersion = 15.0.27428.2037
MinimumVisualStudioVersion = 10.0.40219.1
Project("{FAE04EC0-301F-11D3-BF4B-00C04F79EFBC}") = "FormsApp21.Android", "FormsApp21\FormsApp21.Android\FormsApp21.Android.csproj", "{F721366F-8072-4C2A-B8E8-86D8BE8388EB}"
EndProject
Project("{FAE04EC0-301F-11D3-BF4B-00C04F79EFBC}") = "FormsApp21.iOS", "FormsApp21\FormsApp21.iOS\FormsApp21.iOS.csproj", "{5A704FAC-F015-4D78-8703-270AD69B23E8}"
EndProject
Project("{9A19103F-16F7-4668-BE54-9A1E7A4F7556}") = "FormsApp21", "FormsApp21\FormsApp21\FormsApp21.csproj", "{BF2A08E5-1BD1-437D-B4C6-463EEF172392}"
EndProject
Project("{FAE04EC0-301F-11D3-BF4B-00C04F79EFBC}") = "FormsApp21.WebApi", "FormsApp21\FormsApp21.WebApi\FormsApp21.WebApi.csproj", "{777E8EC9-0F4D-49C9-BE19-0AF16A6B1E2D}"
EndProject
Global
	GlobalSection(SolutionConfigurationPlatforms) = preSolution
		Ad-Hoc|Any CPU = Ad-Hoc|Any CPU
		Ad-Hoc|iPhone = Ad-Hoc|iPhone
		Ad-Hoc|iPhoneSimulator = Ad-Hoc|iPhoneSimulator
		AppStore|Any CPU = AppStore|Any CPU
		AppStore|iPhone = AppStore|iPhone
		AppStore|iPhoneSimulator = AppStore|iPhoneSimulator
		Debug|Any CPU = Debug|Any CPU
		Debug|iPhone = Debug|iPhone
		Debug|iPhoneSimulator = Debug|iPhoneSimulator
		Release|Any CPU = Release|Any CPU
		Release|iPhone = Release|iPhone
		Release|iPhoneSimulator = Release|iPhoneSimulator
	EndGlobalSection
	GlobalSection(ProjectConfigurationPlatforms) = postSolution
		{F721366F-8072-4C2A-B8E8-86D8BE8388EB}.Ad-Hoc|Any CPU.ActiveCfg = Release|Any CPU
		{F721366F-8072-4C2A-B8E8-86D8BE8388EB}.Ad-Hoc|Any CPU.Build.0 = Release|Any CPU
		{F721366F-8072-4C2A-B8E8-86D8BE8388EB}.Ad-Hoc|Any CPU.Deploy.0 = Release|Any CPU
		{F721366F-8072-4C2A-B8E8-86D8BE8388EB}.Ad-Hoc|iPhone.ActiveCfg = Release|Any CPU
		{F721366F-8072-4C2A-B8E8-86D8BE8388EB}.Ad-Hoc|iPhone.Build.0 = Release|Any CPU
		{F721366F-8072-4C2A-B8E8-86D8BE8388EB}.Ad-Hoc|iPhone.Deploy.0 = Release|Any CPU
		{F721366F-8072-4C2A-B8E8-86D8BE8388EB}.Ad-Hoc|iPhoneSimulator.ActiveCfg = Release|Any CPU
		{F721366F-8072-4C2A-B8E8-86D8BE8388EB}.Ad-Hoc|iPhoneSimulator.Build.0 = Release|Any CPU
		{F721366F-8072-4C2A-B8E8-86D8BE8388EB}.Ad-Hoc|iPhoneSimulator.Deploy.0 = Release|Any CPU
		{F721366F-8072-4C2A-B8E8-86D8BE8388EB}.AppStore|Any CPU.ActiveCfg = Release|Any CPU
		{F721366F-8072-4C2A-B8E8-86D8BE8388EB}.AppStore|Any CPU.Build.0 = Release|Any CPU
		{F721366F-8072-4C2A-B8E8-86D8BE8388EB}.AppStore|Any CPU.Deploy.0 = Release|Any CPU
		{F721366F-8072-4C2A-B8E8-86D8BE8388EB}.AppStore|iPhone.ActiveCfg = Release|Any CPU
		{F721366F-8072-4C2A-B8E8-86D8BE8388EB}.AppStore|iPhone.Build.0 = Release|Any CPU
		{F721366F-8072-4C2A-B8E8-86D8BE8388EB}.AppStore|iPhone.Deploy.0 = Release|Any CPU
		{F721366F-8072-4C2A-B8E8-86D8BE8388EB}.AppStore|iPhoneSimulator.ActiveCfg = Release|Any CPU
		{F721366F-8072-4C2A-B8E8-86D8BE8388EB}.AppStore|iPhoneSimulator.Build.0 = Release|Any CPU
		{F721366F-8072-4C2A-B8E8-86D8BE8388EB}.AppStore|iPhoneSimulator.Deploy.0 = Release|Any CPU
		{F721366F-8072-4C2A-B8E8-86D8BE8388EB}.Debug|Any CPU.ActiveCfg = Debug|Any CPU
		{F721366F-8072-4C2A-B8E8-86D8BE8388EB}.Debug|Any CPU.Build.0 = Debug|Any CPU
		{F721366F-8072-4C2A-B8E8-86D8BE8388EB}.Debug|Any CPU.Deploy.0 = Debug|Any CPU
		{F721366F-8072-4C2A-B8E8-86D8BE8388EB}.Debug|iPhone.ActiveCfg = Debug|Any CPU
		{F721366F-8072-4C2A-B8E8-86D8BE8388EB}.Debug|iPhone.Build.0 = Debug|Any CPU
		{F721366F-8072-4C2A-B8E8-86D8BE8388EB}.Debug|iPhone.Deploy.0 = Debug|Any CPU
		{F721366F-8072-4C2A-B8E8-86D8BE8388EB}.Debug|iPhoneSimulator.ActiveCfg = Debug|Any CPU
		{F721366F-8072-4C2A-B8E8-86D8BE8388EB}.Release|Any CPU.ActiveCfg = Release|Any CPU
		{F721366F-8072-4C2A-B8E8-86D8BE8388EB}.Release|Any CPU.Build.0 = Release|Any CPU
		{F721366F-8072-4C2A-B8E8-86D8BE8388EB}.Release|Any CPU.Deploy.0 = Release|Any CPU
		{F721366F-8072-4C2A-B8E8-86D8BE8388EB}.Release|iPhone.ActiveCfg = Release|Any CPU
		{F721366F-8072-4C2A-B8E8-86D8BE8388EB}.Release|iPhone.Build.0 = Release|Any CPU
		{F721366F-8072-4C2A-B8E8-86D8BE8388EB}.Release|iPhone.Deploy.0 = Release|Any CPU
		{F721366F-8072-4C2A-B8E8-86D8BE8388EB}.Release|iPhoneSimulator.ActiveCfg = Release|Any CPU
		{F721366F-8072-4C2A-B8E8-86D8BE8388EB}.Release|iPhoneSimulator.Build.0 = Release|Any CPU
		{F721366F-8072-4C2A-B8E8-86D8BE8388EB}.Release|iPhoneSimulator.Deploy.0 = Release|Any CPU
		{5A704FAC-F015-4D78-8703-270AD69B23E8}.Ad-Hoc|Any CPU.ActiveCfg = Ad-Hoc|iPhone
		{5A704FAC-F015-4D78-8703-270AD69B23E8}.Ad-Hoc|iPhone.ActiveCfg = Ad-Hoc|iPhone
		{5A704FAC-F015-4D78-8703-270AD69B23E8}.Ad-Hoc|iPhone.Build.0 = Ad-Hoc|iPhone
		{5A704FAC-F015-4D78-8703-270AD69B23E8}.Ad-Hoc|iPhoneSimulator.ActiveCfg = Ad-Hoc|iPhoneSimulator
		{5A704FAC-F015-4D78-8703-270AD69B23E8}.Ad-Hoc|iPhoneSimulator.Build.0 = Ad-Hoc|iPhoneSimulator
		{5A704FAC-F015-4D78-8703-270AD69B23E8}.AppStore|Any CPU.ActiveCfg = AppStore|iPhone
		{5A704FAC-F015-4D78-8703-270AD69B23E8}.AppStore|iPhone.ActiveCfg = AppStore|iPhone
		{5A704FAC-F015-4D78-8703-270AD69B23E8}.AppStore|iPhone.Build.0 = AppStore|iPhone
		{5A704FAC-F015-4D78-8703-270AD69B23E8}.AppStore|iPhoneSimulator.ActiveCfg = AppStore|iPhoneSimulator
		{5A704FAC-F015-4D78-8703-270AD69B23E8}.AppStore|iPhoneSimulator.Build.0 = AppStore|iPhoneSimulator
		{5A704FAC-F015-4D78-8703-270AD69B23E8}.Debug|Any CPU.ActiveCfg = Debug|iPhoneSimulator
		{5A704FAC-F015-4D78-8703-270AD69B23E8}.Debug|iPhone.ActiveCfg = Debug|iPhone
		{5A704FAC-F015-4D78-8703-270AD69B23E8}.Debug|iPhone.Build.0 = Debug|iPhone
		{5A704FAC-F015-4D78-8703-270AD69B23E8}.Debug|iPhoneSimulator.ActiveCfg = Debug|iPhoneSimulator
		{5A704FAC-F015-4D78-8703-270AD69B23E8}.Debug|iPhoneSimulator.Build.0 = Debug|iPhoneSimulator
		{5A704FAC-F015-4D78-8703-270AD69B23E8}.Release|Any CPU.ActiveCfg = Release|iPhone
		{5A704FAC-F015-4D78-8703-270AD69B23E8}.Release|iPhone.ActiveCfg = Release|iPhone
		{5A704FAC-F015-4D78-8703-270AD69B23E8}.Release|iPhone.Build.0 = Release|iPhone
		{5A704FAC-F015-4D78-8703-270AD69B23E8}.Release|iPhoneSimulator.ActiveCfg = Release|iPhoneSimulator
		{5A704FAC-F015-4D78-8703-270AD69B23E8}.Release|iPhoneSimulator.Build.0 = Release|iPhoneSimulator
		{BF2A08E5-1BD1-437D-B4C6-463EEF172392}.Ad-Hoc|Any CPU.ActiveCfg = Debug|Any CPU
		{BF2A08E5-1BD1-437D-B4C6-463EEF172392}.Ad-Hoc|Any CPU.Build.0 = Debug|Any CPU
		{BF2A08E5-1BD1-437D-B4C6-463EEF172392}.Ad-Hoc|iPhone.ActiveCfg = Debug|Any CPU
		{BF2A08E5-1BD1-437D-B4C6-463EEF172392}.Ad-Hoc|iPhone.Build.0 = Debug|Any CPU
		{BF2A08E5-1BD1-437D-B4C6-463EEF172392}.Ad-Hoc|iPhoneSimulator.ActiveCfg = Debug|Any CPU
		{BF2A08E5-1BD1-437D-B4C6-463EEF172392}.Ad-Hoc|iPhoneSimulator.Build.0 = Debug|Any CPU
		{BF2A08E5-1BD1-437D-B4C6-463EEF172392}.AppStore|Any CPU.ActiveCfg = Debug|Any CPU
		{BF2A08E5-1BD1-437D-B4C6-463EEF172392}.AppStore|Any CPU.Build.0 = Debug|Any CPU
		{BF2A08E5-1BD1-437D-B4C6-463EEF172392}.AppStore|iPhone.ActiveCfg = Debug|Any CPU
		{BF2A08E5-1BD1-437D-B4C6-463EEF172392}.AppStore|iPhone.Build.0 = Debug|Any CPU
		{BF2A08E5-1BD1-437D-B4C6-463EEF172392}.AppStore|iPhoneSimulator.ActiveCfg = Debug|Any CPU
		{BF2A08E5-1BD1-437D-B4C6-463EEF172392}.AppStore|iPhoneSimulator.Build.0 = Debug|Any CPU
		{BF2A08E5-1BD1-437D-B4C6-463EEF172392}.Debug|Any CPU.ActiveCfg = Debug|Any CPU
		{BF2A08E5-1BD1-437D-B4C6-463EEF172392}.Debug|Any CPU.Build.0 = Debug|Any CPU
		{BF2A08E5-1BD1-437D-B4C6-463EEF172392}.Debug|iPhone.ActiveCfg = Debug|Any CPU
		{BF2A08E5-1BD1-437D-B4C6-463EEF172392}.Debug|iPhone.Build.0 = Debug|Any CPU
		{BF2A08E5-1BD1-437D-B4C6-463EEF172392}.Debug|iPhoneSimulator.ActiveCfg = Debug|Any CPU
		{BF2A08E5-1BD1-437D-B4C6-463EEF172392}.Debug|iPhoneSimulator.Build.0 = Debug|Any CPU
		{BF2A08E5-1BD1-437D-B4C6-463EEF172392}.Release|Any CPU.ActiveCfg = Release|Any CPU
		{BF2A08E5-1BD1-437D-B4C6-463EEF172392}.Release|Any CPU.Build.0 = Release|Any CPU
		{BF2A08E5-1BD1-437D-B4C6-463EEF172392}.Release|iPhone.ActiveCfg = Release|Any CPU
		{BF2A08E5-1BD1-437D-B4C6-463EEF172392}.Release|iPhone.Build.0 = Release|Any CPU
		{BF2A08E5-1BD1-437D-B4C6-463EEF172392}.Release|iPhoneSimulator.ActiveCfg = Release|Any CPU
		{BF2A08E5-1BD1-437D-B4C6-463EEF172392}.Release|iPhoneSimulator.Build.0 = Release|Any CPU
		{777E8EC9-0F4D-49C9-BE19-0AF16A6B1E2D}.Ad-Hoc|Any CPU.ActiveCfg = Debug|Any CPU
		{777E8EC9-0F4D-49C9-BE19-0AF16A6B1E2D}.Ad-Hoc|Any CPU.Build.0 = Debug|Any CPU
		{777E8EC9-0F4D-49C9-BE19-0AF16A6B1E2D}.Ad-Hoc|iPhone.ActiveCfg = Debug|Any CPU
		{777E8EC9-0F4D-49C9-BE19-0AF16A6B1E2D}.Ad-Hoc|iPhone.Build.0 = Debug|Any CPU
		{777E8EC9-0F4D-49C9-BE19-0AF16A6B1E2D}.Ad-Hoc|iPhoneSimulator.ActiveCfg = Debug|Any CPU
		{777E8EC9-0F4D-49C9-BE19-0AF16A6B1E2D}.Ad-Hoc|iPhoneSimulator.Build.0 = Debug|Any CPU
		{777E8EC9-0F4D-49C9-BE19-0AF16A6B1E2D}.AppStore|Any CPU.ActiveCfg = Debug|Any CPU
		{777E8EC9-0F4D-49C9-BE19-0AF16A6B1E2D}.AppStore|Any CPU.Build.0 = Debug|Any CPU
		{777E8EC9-0F4D-49C9-BE19-0AF16A6B1E2D}.AppStore|iPhone.ActiveCfg = Debug|Any CPU
		{777E8EC9-0F4D-49C9-BE19-0AF16A6B1E2D}.AppStore|iPhone.Build.0 = Debug|Any CPU
		{777E8EC9-0F4D-49C9-BE19-0AF16A6B1E2D}.AppStore|iPhoneSimulator.ActiveCfg = Debug|Any CPU
		{777E8EC9-0F4D-49C9-BE19-0AF16A6B1E2D}.AppStore|iPhoneSimulator.Build.0 = Debug|Any CPU
		{777E8EC9-0F4D-49C9-BE19-0AF16A6B1E2D}.Debug|Any CPU.ActiveCfg = Debug|Any CPU
		{777E8EC9-0F4D-49C9-BE19-0AF16A6B1E2D}.Debug|Any CPU.Build.0 = Debug|Any CPU
		{777E8EC9-0F4D-49C9-BE19-0AF16A6B1E2D}.Debug|iPhone.ActiveCfg = Debug|Any CPU
		{777E8EC9-0F4D-49C9-BE19-0AF16A6B1E2D}.Debug|iPhone.Build.0 = Debug|Any CPU
		{777E8EC9-0F4D-49C9-BE19-0AF16A6B1E2D}.Debug|iPhoneSimulator.ActiveCfg = Debug|Any CPU
		{777E8EC9-0F4D-49C9-BE19-0AF16A6B1E2D}.Debug|iPhoneSimulator.Build.0 = Debug|Any CPU
		{777E8EC9-0F4D-49C9-BE19-0AF16A6B1E2D}.Release|Any CPU.ActiveCfg = Release|Any CPU
		{777E8EC9-0F4D-49C9-BE19-0AF16A6B1E2D}.Release|Any CPU.Build.0 = Release|Any CPU
		{777E8EC9-0F4D-49C9-BE19-0AF16A6B1E2D}.Release|iPhone.ActiveCfg = Release|Any CPU
		{777E8EC9-0F4D-49C9-BE19-0AF16A6B1E2D}.Release|iPhone.Build.0 = Release|Any CPU
		{777E8EC9-0F4D-49C9-BE19-0AF16A6B1E2D}.Release|iPhoneSimulator.ActiveCfg = Release|Any CPU
		{777E8EC9-0F4D-49C9-BE19-0AF16A6B1E2D}.Release|iPhoneSimulator.Build.0 = Release|Any CPU
	EndGlobalSection
	GlobalSection(SolutionProperties) = preSolution
		HideSolutionNode = FALSE
	EndGlobalSection
	GlobalSection(ExtensibilityGlobals) = postSolution
		SolutionGuid = {2B92289C-74FF-48B3-BB18-28AFFEB57E0D}
	EndGlobalSection
EndGlobal
