
Microsoft Visual Studio Solution File, Format Version 12.00
# Visual Studio 15
VisualStudioVersion = 15.0.27428.2037
MinimumVisualStudioVersion = 10.0.40219.1
Project("{FAE04EC0-301F-11D3-BF4B-00C04F79EFBC}") = "FormsApp25.Android", "FormsApp25\FormsApp25.Android\FormsApp25.Android.csproj", "{2B835E11-DE14-41BD-9D36-6790CE83308C}"
EndProject
Project("{FAE04EC0-301F-11D3-BF4B-00C04F79EFBC}") = "FormsApp25.iOS", "FormsApp25\FormsApp25.iOS\FormsApp25.iOS.csproj", "{30ECDBC7-E371-427F-8AEE-D335263F4A6B}"
EndProject
Project("{FAE04EC0-301F-11D3-BF4B-00C04F79EFBC}") = "FormsApp25", "FormsApp25\FormsApp25\FormsApp25.csproj", "{FE0726A8-46EB-47DA-8917-5B1FF8DB5396}"
EndProject
Global
	GlobalSection(SolutionConfigurationPlatforms) = preSolution
		Ad-Hoc|Any CPU = Ad-Hoc|Any CPU
		Ad-Hoc|iPhone = Ad-Hoc|iPhone
		Ad-Hoc|iPhoneSimulator = Ad-Hoc|iPhoneSimulator
		AppStore|Any CPU = AppStore|Any CPU
		AppStore|iPhone = AppStore|iPhone
		AppStore|iPhoneSimulator = AppStore|iPhoneSimulator
		Debug|Any CPU = Debug|Any CPU
		Debug|iPhone = Debug|iPhone
		Debug|iPhoneSimulator = Debug|iPhoneSimulator
		Release|Any CPU = Release|Any CPU
		Release|iPhone = Release|iPhone
		Release|iPhoneSimulator = Release|iPhoneSimulator
	EndGlobalSection
	GlobalSection(ProjectConfigurationPlatforms) = postSolution
		{2B835E11-DE14-41BD-9D36-6790CE83308C}.Ad-Hoc|Any CPU.ActiveCfg = Release|Any CPU
		{2B835E11-DE14-41BD-9D36-6790CE83308C}.Ad-Hoc|Any CPU.Build.0 = Release|Any CPU
		{2B835E11-DE14-41BD-9D36-6790CE83308C}.Ad-Hoc|Any CPU.Deploy.0 = Release|Any CPU
		{2B835E11-DE14-41BD-9D36-6790CE83308C}.Ad-Hoc|iPhone.ActiveCfg = Release|Any CPU
		{2B835E11-DE14-41BD-9D36-6790CE83308C}.Ad-Hoc|iPhone.Build.0 = Release|Any CPU
		{2B835E11-DE14-41BD-9D36-6790CE83308C}.Ad-Hoc|iPhone.Deploy.0 = Release|Any CPU
		{2B835E11-DE14-41BD-9D36-6790CE83308C}.Ad-Hoc|iPhoneSimulator.ActiveCfg = Release|Any CPU
		{2B835E11-DE14-41BD-9D36-6790CE83308C}.Ad-Hoc|iPhoneSimulator.Build.0 = Release|Any CPU
		{2B835E11-DE14-41BD-9D36-6790CE83308C}.Ad-Hoc|iPhoneSimulator.Deploy.0 = Release|Any CPU
		{2B835E11-DE14-41BD-9D36-6790CE83308C}.AppStore|Any CPU.ActiveCfg = Release|Any CPU
		{2B835E11-DE14-41BD-9D36-6790CE83308C}.AppStore|Any CPU.Build.0 = Release|Any CPU
		{2B835E11-DE14-41BD-9D36-6790CE83308C}.AppStore|Any CPU.Deploy.0 = Release|Any CPU
		{2B835E11-DE14-41BD-9D36-6790CE83308C}.AppStore|iPhone.ActiveCfg = Release|Any CPU
		{2B835E11-DE14-41BD-9D36-6790CE83308C}.AppStore|iPhone.Build.0 = Release|Any CPU
		{2B835E11-DE14-41BD-9D36-6790CE83308C}.AppStore|iPhone.Deploy.0 = Release|Any CPU
		{2B835E11-DE14-41BD-9D36-6790CE83308C}.AppStore|iPhoneSimulator.ActiveCfg = Release|Any CPU
		{2B835E11-DE14-41BD-9D36-6790CE83308C}.AppStore|iPhoneSimulator.Build.0 = Release|Any CPU
		{2B835E11-DE14-41BD-9D36-6790CE83308C}.AppStore|iPhoneSimulator.Deploy.0 = Release|Any CPU
		{2B835E11-DE14-41BD-9D36-6790CE83308C}.Debug|Any CPU.ActiveCfg = Debug|Any CPU
		{2B835E11-DE14-41BD-9D36-6790CE83308C}.Debug|Any CPU.Build.0 = Debug|Any CPU
		{2B835E11-DE14-41BD-9D36-6790CE83308C}.Debug|Any CPU.Deploy.0 = Debug|Any CPU
		{2B835E11-DE14-41BD-9D36-6790CE83308C}.Debug|iPhone.ActiveCfg = Debug|Any CPU
		{2B835E11-DE14-41BD-9D36-6790CE83308C}.Debug|iPhone.Build.0 = Debug|Any CPU
		{2B835E11-DE14-41BD-9D36-6790CE83308C}.Debug|iPhone.Deploy.0 = Debug|Any CPU
		{2B835E11-DE14-41BD-9D36-6790CE83308C}.Debug|iPhoneSimulator.ActiveCfg = Debug|Any CPU
		{2B835E11-DE14-41BD-9D36-6790CE83308C}.Release|Any CPU.ActiveCfg = Release|Any CPU
		{2B835E11-DE14-41BD-9D36-6790CE83308C}.Release|Any CPU.Build.0 = Release|Any CPU
		{2B835E11-DE14-41BD-9D36-6790CE83308C}.Release|Any CPU.Deploy.0 = Release|Any CPU
		{2B835E11-DE14-41BD-9D36-6790CE83308C}.Release|iPhone.ActiveCfg = Release|Any CPU
		{2B835E11-DE14-41BD-9D36-6790CE83308C}.Release|iPhone.Build.0 = Release|Any CPU
		{2B835E11-DE14-41BD-9D36-6790CE83308C}.Release|iPhone.Deploy.0 = Release|Any CPU
		{2B835E11-DE14-41BD-9D36-6790CE83308C}.Release|iPhoneSimulator.ActiveCfg = Release|Any CPU
		{2B835E11-DE14-41BD-9D36-6790CE83308C}.Release|iPhoneSimulator.Build.0 = Release|Any CPU
		{2B835E11-DE14-41BD-9D36-6790CE83308C}.Release|iPhoneSimulator.Deploy.0 = Release|Any CPU
		{30ECDBC7-E371-427F-8AEE-D335263F4A6B}.Ad-Hoc|Any CPU.ActiveCfg = Ad-Hoc|iPhone
		{30ECDBC7-E371-427F-8AEE-D335263F4A6B}.Ad-Hoc|iPhone.ActiveCfg = Ad-Hoc|iPhone
		{30ECDBC7-E371-427F-8AEE-D335263F4A6B}.Ad-Hoc|iPhone.Build.0 = Ad-Hoc|iPhone
		{30ECDBC7-E371-427F-8AEE-D335263F4A6B}.Ad-Hoc|iPhoneSimulator.ActiveCfg = Ad-Hoc|iPhoneSimulator
		{30ECDBC7-E371-427F-8AEE-D335263F4A6B}.Ad-Hoc|iPhoneSimulator.Build.0 = Ad-Hoc|iPhoneSimulator
		{30ECDBC7-E371-427F-8AEE-D335263F4A6B}.AppStore|Any CPU.ActiveCfg = AppStore|iPhone
		{30ECDBC7-E371-427F-8AEE-D335263F4A6B}.AppStore|iPhone.ActiveCfg = AppStore|iPhone
		{30ECDBC7-E371-427F-8AEE-D335263F4A6B}.AppStore|iPhone.Build.0 = AppStore|iPhone
		{30ECDBC7-E371-427F-8AEE-D335263F4A6B}.AppStore|iPhoneSimulator.ActiveCfg = AppStore|iPhoneSimulator
		{30ECDBC7-E371-427F-8AEE-D335263F4A6B}.AppStore|iPhoneSimulator.Build.0 = AppStore|iPhoneSimulator
		{30ECDBC7-E371-427F-8AEE-D335263F4A6B}.Debug|Any CPU.ActiveCfg = Debug|iPhoneSimulator
		{30ECDBC7-E371-427F-8AEE-D335263F4A6B}.Debug|iPhone.ActiveCfg = Debug|iPhone
		{30ECDBC7-E371-427F-8AEE-D335263F4A6B}.Debug|iPhone.Build.0 = Debug|iPhone
		{30ECDBC7-E371-427F-8AEE-D335263F4A6B}.Debug|iPhoneSimulator.ActiveCfg = Debug|iPhoneSimulator
		{30ECDBC7-E371-427F-8AEE-D335263F4A6B}.Debug|iPhoneSimulator.Build.0 = Debug|iPhoneSimulator
		{30ECDBC7-E371-427F-8AEE-D335263F4A6B}.Release|Any CPU.ActiveCfg = Release|iPhone
		{30ECDBC7-E371-427F-8AEE-D335263F4A6B}.Release|iPhone.ActiveCfg = Release|iPhone
		{30ECDBC7-E371-427F-8AEE-D335263F4A6B}.Release|iPhone.Build.0 = Release|iPhone
		{30ECDBC7-E371-427F-8AEE-D335263F4A6B}.Release|iPhoneSimulator.ActiveCfg = Release|iPhoneSimulator
		{30ECDBC7-E371-427F-8AEE-D335263F4A6B}.Release|iPhoneSimulator.Build.0 = Release|iPhoneSimulator
		{FE0726A8-46EB-47DA-8917-5B1FF8DB5396}.Ad-Hoc|Any CPU.ActiveCfg = Debug|Any CPU
		{FE0726A8-46EB-47DA-8917-5B1FF8DB5396}.Ad-Hoc|Any CPU.Build.0 = Debug|Any CPU
		{FE0726A8-46EB-47DA-8917-5B1FF8DB5396}.Ad-Hoc|iPhone.ActiveCfg = Debug|Any CPU
		{FE0726A8-46EB-47DA-8917-5B1FF8DB5396}.Ad-Hoc|iPhone.Build.0 = Debug|Any CPU
		{FE0726A8-46EB-47DA-8917-5B1FF8DB5396}.Ad-Hoc|iPhoneSimulator.ActiveCfg = Debug|Any CPU
		{FE0726A8-46EB-47DA-8917-5B1FF8DB5396}.Ad-Hoc|iPhoneSimulator.Build.0 = Debug|Any CPU
		{FE0726A8-46EB-47DA-8917-5B1FF8DB5396}.AppStore|Any CPU.ActiveCfg = Debug|Any CPU
		{FE0726A8-46EB-47DA-8917-5B1FF8DB5396}.AppStore|Any CPU.Build.0 = Debug|Any CPU
		{FE0726A8-46EB-47DA-8917-5B1FF8DB5396}.AppStore|iPhone.ActiveCfg = Debug|Any CPU
		{FE0726A8-46EB-47DA-8917-5B1FF8DB5396}.AppStore|iPhone.Build.0 = Debug|Any CPU
		{FE0726A8-46EB-47DA-8917-5B1FF8DB5396}.AppStore|iPhoneSimulator.ActiveCfg = Debug|Any CPU
		{FE0726A8-46EB-47DA-8917-5B1FF8DB5396}.AppStore|iPhoneSimulator.Build.0 = Debug|Any CPU
		{FE0726A8-46EB-47DA-8917-5B1FF8DB5396}.Debug|Any CPU.ActiveCfg = Debug|Any CPU
		{FE0726A8-46EB-47DA-8917-5B1FF8DB5396}.Debug|Any CPU.Build.0 = Debug|Any CPU
		{FE0726A8-46EB-47DA-8917-5B1FF8DB5396}.Debug|iPhone.ActiveCfg = Debug|Any CPU
		{FE0726A8-46EB-47DA-8917-5B1FF8DB5396}.Debug|iPhone.Build.0 = Debug|Any CPU
		{FE0726A8-46EB-47DA-8917-5B1FF8DB5396}.Debug|iPhoneSimulator.ActiveCfg = Debug|Any CPU
		{FE0726A8-46EB-47DA-8917-5B1FF8DB5396}.Debug|iPhoneSimulator.Build.0 = Debug|Any CPU
		{FE0726A8-46EB-47DA-8917-5B1FF8DB5396}.Release|Any CPU.ActiveCfg = Release|Any CPU
		{FE0726A8-46EB-47DA-8917-5B1FF8DB5396}.Release|Any CPU.Build.0 = Release|Any CPU
		{FE0726A8-46EB-47DA-8917-5B1FF8DB5396}.Release|iPhone.ActiveCfg = Release|Any CPU
		{FE0726A8-46EB-47DA-8917-5B1FF8DB5396}.Release|iPhone.Build.0 = Release|Any CPU
		{FE0726A8-46EB-47DA-8917-5B1FF8DB5396}.Release|iPhoneSimulator.ActiveCfg = Release|Any CPU
		{FE0726A8-46EB-47DA-8917-5B1FF8DB5396}.Release|iPhoneSimulator.Build.0 = Release|Any CPU
	EndGlobalSection
	GlobalSection(SolutionProperties) = preSolution
		HideSolutionNode = FALSE
	EndGlobalSection
	GlobalSection(ExtensibilityGlobals) = postSolution
		SolutionGuid = {FA2D749E-D8BB-47ED-8CBE-2FD8B8B1FD22}
	EndGlobalSection
EndGlobal
