
Microsoft Visual Studio Solution File, Format Version 12.00
# Visual Studio 15
VisualStudioVersion = 15.0.27428.2005
MinimumVisualStudioVersion = 10.0.40219.1
Project("{FAE04EC0-301F-11D3-BF4B-00C04F79EFBC}") = "FormsApp15.Android", "FormsApp15\FormsApp15.Android\FormsApp15.Android.csproj", "{6F6935CE-1211-4088-A78C-43BF771B05DA}"
EndProject
Project("{FAE04EC0-301F-11D3-BF4B-00C04F79EFBC}") = "FormsApp15.iOS", "FormsApp15\FormsApp15.iOS\FormsApp15.iOS.csproj", "{648917B7-2B30-4E52-8CDE-E4DA6AD61425}"
EndProject
Project("{FAE04EC0-301F-11D3-BF4B-00C04F79EFBC}") = "FormsApp15.UWP", "FormsApp15\FormsApp15.UWP\FormsApp15.UWP.csproj", "{7C352DE7-6E41-42AE-A981-B168D900EFD5}"
EndProject
Project("{9A19103F-16F7-4668-BE54-9A1E7A4F7556}") = "FormsApp15", "FormsApp15\FormsApp15\FormsApp15.csproj", "{4914781B-71F8-4022-9693-B6C8E8D3D8C3}"
EndProject
Project("{FAE04EC0-301F-11D3-BF4B-00C04F79EFBC}") = "FormsApp15.Web", "FormsApp15.Web\FormsApp15.Web.csproj", "{D49CD9D9-FC07-484B-83BE-E94E7045BAF2}"
EndProject
Global
	GlobalSection(SolutionConfigurationPlatforms) = preSolution
		Ad-Hoc|Any CPU = Ad-Hoc|Any CPU
		Ad-Hoc|ARM = Ad-Hoc|ARM
		Ad-Hoc|iPhone = Ad-Hoc|iPhone
		Ad-Hoc|iPhoneSimulator = Ad-Hoc|iPhoneSimulator
		Ad-Hoc|x64 = Ad-Hoc|x64
		Ad-Hoc|x86 = Ad-Hoc|x86
		AppStore|Any CPU = AppStore|Any CPU
		AppStore|ARM = AppStore|ARM
		AppStore|iPhone = AppStore|iPhone
		AppStore|iPhoneSimulator = AppStore|iPhoneSimulator
		AppStore|x64 = AppStore|x64
		AppStore|x86 = AppStore|x86
		Debug|Any CPU = Debug|Any CPU
		Debug|ARM = Debug|ARM
		Debug|iPhone = Debug|iPhone
		Debug|iPhoneSimulator = Debug|iPhoneSimulator
		Debug|x64 = Debug|x64
		Debug|x86 = Debug|x86
		Release|Any CPU = Release|Any CPU
		Release|ARM = Release|ARM
		Release|iPhone = Release|iPhone
		Release|iPhoneSimulator = Release|iPhoneSimulator
		Release|x64 = Release|x64
		Release|x86 = Release|x86
	EndGlobalSection
	GlobalSection(ProjectConfigurationPlatforms) = postSolution
		{6F6935CE-1211-4088-A78C-43BF771B05DA}.Ad-Hoc|Any CPU.ActiveCfg = Release|Any CPU
		{6F6935CE-1211-4088-A78C-43BF771B05DA}.Ad-Hoc|Any CPU.Build.0 = Release|Any CPU
		{6F6935CE-1211-4088-A78C-43BF771B05DA}.Ad-Hoc|Any CPU.Deploy.0 = Release|Any CPU
		{6F6935CE-1211-4088-A78C-43BF771B05DA}.Ad-Hoc|ARM.ActiveCfg = Release|Any CPU
		{6F6935CE-1211-4088-A78C-43BF771B05DA}.Ad-Hoc|ARM.Build.0 = Release|Any CPU
		{6F6935CE-1211-4088-A78C-43BF771B05DA}.Ad-Hoc|ARM.Deploy.0 = Release|Any CPU
		{6F6935CE-1211-4088-A78C-43BF771B05DA}.Ad-Hoc|iPhone.ActiveCfg = Release|Any CPU
		{6F6935CE-1211-4088-A78C-43BF771B05DA}.Ad-Hoc|iPhone.Build.0 = Release|Any CPU
		{6F6935CE-1211-4088-A78C-43BF771B05DA}.Ad-Hoc|iPhone.Deploy.0 = Release|Any CPU
		{6F6935CE-1211-4088-A78C-43BF771B05DA}.Ad-Hoc|iPhoneSimulator.ActiveCfg = Release|Any CPU
		{6F6935CE-1211-4088-A78C-43BF771B05DA}.Ad-Hoc|iPhoneSimulator.Build.0 = Release|Any CPU
		{6F6935CE-1211-4088-A78C-43BF771B05DA}.Ad-Hoc|iPhoneSimulator.Deploy.0 = Release|Any CPU
		{6F6935CE-1211-4088-A78C-43BF771B05DA}.Ad-Hoc|x64.ActiveCfg = Release|Any CPU
		{6F6935CE-1211-4088-A78C-43BF771B05DA}.Ad-Hoc|x64.Build.0 = Release|Any CPU
		{6F6935CE-1211-4088-A78C-43BF771B05DA}.Ad-Hoc|x64.Deploy.0 = Release|Any CPU
		{6F6935CE-1211-4088-A78C-43BF771B05DA}.Ad-Hoc|x86.ActiveCfg = Release|Any CPU
		{6F6935CE-1211-4088-A78C-43BF771B05DA}.Ad-Hoc|x86.Build.0 = Release|Any CPU
		{6F6935CE-1211-4088-A78C-43BF771B05DA}.Ad-Hoc|x86.Deploy.0 = Release|Any CPU
		{6F6935CE-1211-4088-A78C-43BF771B05DA}.AppStore|Any CPU.ActiveCfg = Release|Any CPU
		{6F6935CE-1211-4088-A78C-43BF771B05DA}.AppStore|Any CPU.Build.0 = Release|Any CPU
		{6F6935CE-1211-4088-A78C-43BF771B05DA}.AppStore|Any CPU.Deploy.0 = Release|Any CPU
		{6F6935CE-1211-4088-A78C-43BF771B05DA}.AppStore|ARM.ActiveCfg = Release|Any CPU
		{6F6935CE-1211-4088-A78C-43BF771B05DA}.AppStore|ARM.Build.0 = Release|Any CPU
		{6F6935CE-1211-4088-A78C-43BF771B05DA}.AppStore|ARM.Deploy.0 = Release|Any CPU
		{6F6935CE-1211-4088-A78C-43BF771B05DA}.AppStore|iPhone.ActiveCfg = Release|Any CPU
		{6F6935CE-1211-4088-A78C-43BF771B05DA}.AppStore|iPhone.Build.0 = Release|Any CPU
		{6F6935CE-1211-4088-A78C-43BF771B05DA}.AppStore|iPhone.Deploy.0 = Release|Any CPU
		{6F6935CE-1211-4088-A78C-43BF771B05DA}.AppStore|iPhoneSimulator.ActiveCfg = Release|Any CPU
		{6F6935CE-1211-4088-A78C-43BF771B05DA}.AppStore|iPhoneSimulator.Build.0 = Release|Any CPU
		{6F6935CE-1211-4088-A78C-43BF771B05DA}.AppStore|iPhoneSimulator.Deploy.0 = Release|Any CPU
		{6F6935CE-1211-4088-A78C-43BF771B05DA}.AppStore|x64.ActiveCfg = Release|Any CPU
		{6F6935CE-1211-4088-A78C-43BF771B05DA}.AppStore|x64.Build.0 = Release|Any CPU
		{6F6935CE-1211-4088-A78C-43BF771B05DA}.AppStore|x64.Deploy.0 = Release|Any CPU
		{6F6935CE-1211-4088-A78C-43BF771B05DA}.AppStore|x86.ActiveCfg = Release|Any CPU
		{6F6935CE-1211-4088-A78C-43BF771B05DA}.AppStore|x86.Build.0 = Release|Any CPU
		{6F6935CE-1211-4088-A78C-43BF771B05DA}.AppStore|x86.Deploy.0 = Release|Any CPU
		{6F6935CE-1211-4088-A78C-43BF771B05DA}.Debug|Any CPU.ActiveCfg = Debug|Any CPU
		{6F6935CE-1211-4088-A78C-43BF771B05DA}.Debug|Any CPU.Build.0 = Debug|Any CPU
		{6F6935CE-1211-4088-A78C-43BF771B05DA}.Debug|Any CPU.Deploy.0 = Debug|Any CPU
		{6F6935CE-1211-4088-A78C-43BF771B05DA}.Debug|ARM.ActiveCfg = Debug|Any CPU
		{6F6935CE-1211-4088-A78C-43BF771B05DA}.Debug|ARM.Build.0 = Debug|Any CPU
		{6F6935CE-1211-4088-A78C-43BF771B05DA}.Debug|ARM.Deploy.0 = Debug|Any CPU
		{6F6935CE-1211-4088-A78C-43BF771B05DA}.Debug|iPhone.ActiveCfg = Debug|Any CPU
		{6F6935CE-1211-4088-A78C-43BF771B05DA}.Debug|iPhone.Build.0 = Debug|Any CPU
		{6F6935CE-1211-4088-A78C-43BF771B05DA}.Debug|iPhone.Deploy.0 = Debug|Any CPU
		{6F6935CE-1211-4088-A78C-43BF771B05DA}.Debug|iPhoneSimulator.ActiveCfg = Debug|Any CPU
		{6F6935CE-1211-4088-A78C-43BF771B05DA}.Debug|x64.ActiveCfg = Debug|Any CPU
		{6F6935CE-1211-4088-A78C-43BF771B05DA}.Debug|x64.Build.0 = Debug|Any CPU
		{6F6935CE-1211-4088-A78C-43BF771B05DA}.Debug|x64.Deploy.0 = Debug|Any CPU
		{6F6935CE-1211-4088-A78C-43BF771B05DA}.Debug|x86.ActiveCfg = Debug|Any CPU
		{6F6935CE-1211-4088-A78C-43BF771B05DA}.Release|Any CPU.ActiveCfg = Release|Any CPU
		{6F6935CE-1211-4088-A78C-43BF771B05DA}.Release|Any CPU.Build.0 = Release|Any CPU
		{6F6935CE-1211-4088-A78C-43BF771B05DA}.Release|Any CPU.Deploy.0 = Release|Any CPU
		{6F6935CE-1211-4088-A78C-43BF771B05DA}.Release|ARM.ActiveCfg = Release|Any CPU
		{6F6935CE-1211-4088-A78C-43BF771B05DA}.Release|ARM.Build.0 = Release|Any CPU
		{6F6935CE-1211-4088-A78C-43BF771B05DA}.Release|ARM.Deploy.0 = Release|Any CPU
		{6F6935CE-1211-4088-A78C-43BF771B05DA}.Release|iPhone.ActiveCfg = Release|Any CPU
		{6F6935CE-1211-4088-A78C-43BF771B05DA}.Release|iPhone.Build.0 = Release|Any CPU
		{6F6935CE-1211-4088-A78C-43BF771B05DA}.Release|iPhone.Deploy.0 = Release|Any CPU
		{6F6935CE-1211-4088-A78C-43BF771B05DA}.Release|iPhoneSimulator.ActiveCfg = Release|Any CPU
		{6F6935CE-1211-4088-A78C-43BF771B05DA}.Release|iPhoneSimulator.Build.0 = Release|Any CPU
		{6F6935CE-1211-4088-A78C-43BF771B05DA}.Release|iPhoneSimulator.Deploy.0 = Release|Any CPU
		{6F6935CE-1211-4088-A78C-43BF771B05DA}.Release|x64.ActiveCfg = Release|Any CPU
		{6F6935CE-1211-4088-A78C-43BF771B05DA}.Release|x64.Build.0 = Release|Any CPU
		{6F6935CE-1211-4088-A78C-43BF771B05DA}.Release|x64.Deploy.0 = Release|Any CPU
		{6F6935CE-1211-4088-A78C-43BF771B05DA}.Release|x86.ActiveCfg = Release|Any CPU
		{6F6935CE-1211-4088-A78C-43BF771B05DA}.Release|x86.Build.0 = Release|Any CPU
		{6F6935CE-1211-4088-A78C-43BF771B05DA}.Release|x86.Deploy.0 = Release|Any CPU
		{648917B7-2B30-4E52-8CDE-E4DA6AD61425}.Ad-Hoc|Any CPU.ActiveCfg = Ad-Hoc|iPhone
		{648917B7-2B30-4E52-8CDE-E4DA6AD61425}.Ad-Hoc|ARM.ActiveCfg = Ad-Hoc|iPhone
		{648917B7-2B30-4E52-8CDE-E4DA6AD61425}.Ad-Hoc|iPhone.ActiveCfg = Ad-Hoc|iPhone
		{648917B7-2B30-4E52-8CDE-E4DA6AD61425}.Ad-Hoc|iPhone.Build.0 = Ad-Hoc|iPhone
		{648917B7-2B30-4E52-8CDE-E4DA6AD61425}.Ad-Hoc|iPhoneSimulator.ActiveCfg = Ad-Hoc|iPhoneSimulator
		{648917B7-2B30-4E52-8CDE-E4DA6AD61425}.Ad-Hoc|iPhoneSimulator.Build.0 = Ad-Hoc|iPhoneSimulator
		{648917B7-2B30-4E52-8CDE-E4DA6AD61425}.Ad-Hoc|x64.ActiveCfg = Ad-Hoc|iPhone
		{648917B7-2B30-4E52-8CDE-E4DA6AD61425}.Ad-Hoc|x86.ActiveCfg = Ad-Hoc|iPhone
		{648917B7-2B30-4E52-8CDE-E4DA6AD61425}.AppStore|Any CPU.ActiveCfg = AppStore|iPhone
		{648917B7-2B30-4E52-8CDE-E4DA6AD61425}.AppStore|ARM.ActiveCfg = AppStore|iPhone
		{648917B7-2B30-4E52-8CDE-E4DA6AD61425}.AppStore|iPhone.ActiveCfg = AppStore|iPhone
		{648917B7-2B30-4E52-8CDE-E4DA6AD61425}.AppStore|iPhone.Build.0 = AppStore|iPhone
		{648917B7-2B30-4E52-8CDE-E4DA6AD61425}.AppStore|iPhoneSimulator.ActiveCfg = AppStore|iPhoneSimulator
		{648917B7-2B30-4E52-8CDE-E4DA6AD61425}.AppStore|iPhoneSimulator.Build.0 = AppStore|iPhoneSimulator
		{648917B7-2B30-4E52-8CDE-E4DA6AD61425}.AppStore|x64.ActiveCfg = AppStore|iPhone
		{648917B7-2B30-4E52-8CDE-E4DA6AD61425}.AppStore|x86.ActiveCfg = AppStore|iPhone
		{648917B7-2B30-4E52-8CDE-E4DA6AD61425}.Debug|Any CPU.ActiveCfg = Debug|iPhoneSimulator
		{648917B7-2B30-4E52-8CDE-E4DA6AD61425}.Debug|ARM.ActiveCfg = Debug|iPhone
		{648917B7-2B30-4E52-8CDE-E4DA6AD61425}.Debug|iPhone.ActiveCfg = Debug|iPhone
		{648917B7-2B30-4E52-8CDE-E4DA6AD61425}.Debug|iPhone.Build.0 = Debug|iPhone
		{648917B7-2B30-4E52-8CDE-E4DA6AD61425}.Debug|iPhoneSimulator.ActiveCfg = Debug|iPhoneSimulator
		{648917B7-2B30-4E52-8CDE-E4DA6AD61425}.Debug|iPhoneSimulator.Build.0 = Debug|iPhoneSimulator
		{648917B7-2B30-4E52-8CDE-E4DA6AD61425}.Debug|x64.ActiveCfg = Debug|iPhone
		{648917B7-2B30-4E52-8CDE-E4DA6AD61425}.Debug|x86.ActiveCfg = Debug|iPhoneSimulator
		{648917B7-2B30-4E52-8CDE-E4DA6AD61425}.Release|Any CPU.ActiveCfg = Release|iPhone
		{648917B7-2B30-4E52-8CDE-E4DA6AD61425}.Release|ARM.ActiveCfg = Release|iPhone
		{648917B7-2B30-4E52-8CDE-E4DA6AD61425}.Release|iPhone.ActiveCfg = Release|iPhone
		{648917B7-2B30-4E52-8CDE-E4DA6AD61425}.Release|iPhone.Build.0 = Release|iPhone
		{648917B7-2B30-4E52-8CDE-E4DA6AD61425}.Release|iPhoneSimulator.ActiveCfg = Release|iPhoneSimulator
		{648917B7-2B30-4E52-8CDE-E4DA6AD61425}.Release|iPhoneSimulator.Build.0 = Release|iPhoneSimulator
		{648917B7-2B30-4E52-8CDE-E4DA6AD61425}.Release|x64.ActiveCfg = Release|iPhone
		{648917B7-2B30-4E52-8CDE-E4DA6AD61425}.Release|x86.ActiveCfg = Release|iPhone
		{7C352DE7-6E41-42AE-A981-B168D900EFD5}.Ad-Hoc|Any CPU.ActiveCfg = Release|x86
		{7C352DE7-6E41-42AE-A981-B168D900EFD5}.Ad-Hoc|Any CPU.Build.0 = Release|x86
		{7C352DE7-6E41-42AE-A981-B168D900EFD5}.Ad-Hoc|Any CPU.Deploy.0 = Release|x86
		{7C352DE7-6E41-42AE-A981-B168D900EFD5}.Ad-Hoc|ARM.ActiveCfg = Release|ARM
		{7C352DE7-6E41-42AE-A981-B168D900EFD5}.Ad-Hoc|ARM.Build.0 = Release|ARM
		{7C352DE7-6E41-42AE-A981-B168D900EFD5}.Ad-Hoc|ARM.Deploy.0 = Release|ARM
		{7C352DE7-6E41-42AE-A981-B168D900EFD5}.Ad-Hoc|iPhone.ActiveCfg = Release|x86
		{7C352DE7-6E41-42AE-A981-B168D900EFD5}.Ad-Hoc|iPhone.Build.0 = Release|x86
		{7C352DE7-6E41-42AE-A981-B168D900EFD5}.Ad-Hoc|iPhone.Deploy.0 = Release|x86
		{7C352DE7-6E41-42AE-A981-B168D900EFD5}.Ad-Hoc|iPhoneSimulator.ActiveCfg = Release|x86
		{7C352DE7-6E41-42AE-A981-B168D900EFD5}.Ad-Hoc|iPhoneSimulator.Build.0 = Release|x86
		{7C352DE7-6E41-42AE-A981-B168D900EFD5}.Ad-Hoc|iPhoneSimulator.Deploy.0 = Release|x86
		{7C352DE7-6E41-42AE-A981-B168D900EFD5}.Ad-Hoc|x64.ActiveCfg = Release|x64
		{7C352DE7-6E41-42AE-A981-B168D900EFD5}.Ad-Hoc|x64.Build.0 = Release|x64
		{7C352DE7-6E41-42AE-A981-B168D900EFD5}.Ad-Hoc|x64.Deploy.0 = Release|x64
		{7C352DE7-6E41-42AE-A981-B168D900EFD5}.Ad-Hoc|x86.ActiveCfg = Release|x86
		{7C352DE7-6E41-42AE-A981-B168D900EFD5}.Ad-Hoc|x86.Build.0 = Release|x86
		{7C352DE7-6E41-42AE-A981-B168D900EFD5}.Ad-Hoc|x86.Deploy.0 = Release|x86
		{7C352DE7-6E41-42AE-A981-B168D900EFD5}.AppStore|Any CPU.ActiveCfg = Release|x86
		{7C352DE7-6E41-42AE-A981-B168D900EFD5}.AppStore|Any CPU.Build.0 = Release|x86
		{7C352DE7-6E41-42AE-A981-B168D900EFD5}.AppStore|Any CPU.Deploy.0 = Release|x86
		{7C352DE7-6E41-42AE-A981-B168D900EFD5}.AppStore|ARM.ActiveCfg = Release|ARM
		{7C352DE7-6E41-42AE-A981-B168D900EFD5}.AppStore|ARM.Build.0 = Release|ARM
		{7C352DE7-6E41-42AE-A981-B168D900EFD5}.AppStore|ARM.Deploy.0 = Release|ARM
		{7C352DE7-6E41-42AE-A981-B168D900EFD5}.AppStore|iPhone.ActiveCfg = Release|x86
		{7C352DE7-6E41-42AE-A981-B168D900EFD5}.AppStore|iPhone.Build.0 = Release|x86
		{7C352DE7-6E41-42AE-A981-B168D900EFD5}.AppStore|iPhone.Deploy.0 = Release|x86
		{7C352DE7-6E41-42AE-A981-B168D900EFD5}.AppStore|iPhoneSimulator.ActiveCfg = Release|x86
		{7C352DE7-6E41-42AE-A981-B168D900EFD5}.AppStore|iPhoneSimulator.Build.0 = Release|x86
		{7C352DE7-6E41-42AE-A981-B168D900EFD5}.AppStore|iPhoneSimulator.Deploy.0 = Release|x86
		{7C352DE7-6E41-42AE-A981-B168D900EFD5}.AppStore|x64.ActiveCfg = Release|x64
		{7C352DE7-6E41-42AE-A981-B168D900EFD5}.AppStore|x64.Build.0 = Release|x64
		{7C352DE7-6E41-42AE-A981-B168D900EFD5}.AppStore|x64.Deploy.0 = Release|x64
		{7C352DE7-6E41-42AE-A981-B168D900EFD5}.AppStore|x86.ActiveCfg = Release|x86
		{7C352DE7-6E41-42AE-A981-B168D900EFD5}.AppStore|x86.Build.0 = Release|x86
		{7C352DE7-6E41-42AE-A981-B168D900EFD5}.AppStore|x86.Deploy.0 = Release|x86
		{7C352DE7-6E41-42AE-A981-B168D900EFD5}.Debug|Any CPU.ActiveCfg = Debug|x86
		{7C352DE7-6E41-42AE-A981-B168D900EFD5}.Debug|ARM.ActiveCfg = Debug|ARM
		{7C352DE7-6E41-42AE-A981-B168D900EFD5}.Debug|ARM.Build.0 = Debug|ARM
		{7C352DE7-6E41-42AE-A981-B168D900EFD5}.Debug|ARM.Deploy.0 = Debug|ARM
		{7C352DE7-6E41-42AE-A981-B168D900EFD5}.Debug|iPhone.ActiveCfg = Debug|x86
		{7C352DE7-6E41-42AE-A981-B168D900EFD5}.Debug|iPhoneSimulator.ActiveCfg = Debug|x86
		{7C352DE7-6E41-42AE-A981-B168D900EFD5}.Debug|x64.ActiveCfg = Debug|x64
		{7C352DE7-6E41-42AE-A981-B168D900EFD5}.Debug|x64.Build.0 = Debug|x64
		{7C352DE7-6E41-42AE-A981-B168D900EFD5}.Debug|x64.Deploy.0 = Debug|x64
		{7C352DE7-6E41-42AE-A981-B168D900EFD5}.Debug|x86.ActiveCfg = Debug|x86
		{7C352DE7-6E41-42AE-A981-B168D900EFD5}.Debug|x86.Build.0 = Debug|x86
		{7C352DE7-6E41-42AE-A981-B168D900EFD5}.Debug|x86.Deploy.0 = Debug|x86
		{7C352DE7-6E41-42AE-A981-B168D900EFD5}.Release|Any CPU.ActiveCfg = Release|x86
		{7C352DE7-6E41-42AE-A981-B168D900EFD5}.Release|ARM.ActiveCfg = Release|ARM
		{7C352DE7-6E41-42AE-A981-B168D900EFD5}.Release|ARM.Build.0 = Release|ARM
		{7C352DE7-6E41-42AE-A981-B168D900EFD5}.Release|ARM.Deploy.0 = Release|ARM
		{7C352DE7-6E41-42AE-A981-B168D900EFD5}.Release|iPhone.ActiveCfg = Release|x86
		{7C352DE7-6E41-42AE-A981-B168D900EFD5}.Release|iPhoneSimulator.ActiveCfg = Release|x86
		{7C352DE7-6E41-42AE-A981-B168D900EFD5}.Release|x64.ActiveCfg = Release|x64
		{7C352DE7-6E41-42AE-A981-B168D900EFD5}.Release|x64.Build.0 = Release|x64
		{7C352DE7-6E41-42AE-A981-B168D900EFD5}.Release|x64.Deploy.0 = Release|x64
		{7C352DE7-6E41-42AE-A981-B168D900EFD5}.Release|x86.ActiveCfg = Release|x86
		{7C352DE7-6E41-42AE-A981-B168D900EFD5}.Release|x86.Build.0 = Release|x86
		{7C352DE7-6E41-42AE-A981-B168D900EFD5}.Release|x86.Deploy.0 = Release|x86
		{4914781B-71F8-4022-9693-B6C8E8D3D8C3}.Ad-Hoc|Any CPU.ActiveCfg = Debug|Any CPU
		{4914781B-71F8-4022-9693-B6C8E8D3D8C3}.Ad-Hoc|Any CPU.Build.0 = Debug|Any CPU
		{4914781B-71F8-4022-9693-B6C8E8D3D8C3}.Ad-Hoc|ARM.ActiveCfg = Debug|Any CPU
		{4914781B-71F8-4022-9693-B6C8E8D3D8C3}.Ad-Hoc|ARM.Build.0 = Debug|Any CPU
		{4914781B-71F8-4022-9693-B6C8E8D3D8C3}.Ad-Hoc|iPhone.ActiveCfg = Debug|Any CPU
		{4914781B-71F8-4022-9693-B6C8E8D3D8C3}.Ad-Hoc|iPhone.Build.0 = Debug|Any CPU
		{4914781B-71F8-4022-9693-B6C8E8D3D8C3}.Ad-Hoc|iPhoneSimulator.ActiveCfg = Debug|Any CPU
		{4914781B-71F8-4022-9693-B6C8E8D3D8C3}.Ad-Hoc|iPhoneSimulator.Build.0 = Debug|Any CPU
		{4914781B-71F8-4022-9693-B6C8E8D3D8C3}.Ad-Hoc|x64.ActiveCfg = Debug|Any CPU
		{4914781B-71F8-4022-9693-B6C8E8D3D8C3}.Ad-Hoc|x64.Build.0 = Debug|Any CPU
		{4914781B-71F8-4022-9693-B6C8E8D3D8C3}.Ad-Hoc|x86.ActiveCfg = Debug|Any CPU
		{4914781B-71F8-4022-9693-B6C8E8D3D8C3}.Ad-Hoc|x86.Build.0 = Debug|Any CPU
		{4914781B-71F8-4022-9693-B6C8E8D3D8C3}.AppStore|Any CPU.ActiveCfg = Debug|Any CPU
		{4914781B-71F8-4022-9693-B6C8E8D3D8C3}.AppStore|Any CPU.Build.0 = Debug|Any CPU
		{4914781B-71F8-4022-9693-B6C8E8D3D8C3}.AppStore|ARM.ActiveCfg = Debug|Any CPU
		{4914781B-71F8-4022-9693-B6C8E8D3D8C3}.AppStore|ARM.Build.0 = Debug|Any CPU
		{4914781B-71F8-4022-9693-B6C8E8D3D8C3}.AppStore|iPhone.ActiveCfg = Debug|Any CPU
		{4914781B-71F8-4022-9693-B6C8E8D3D8C3}.AppStore|iPhone.Build.0 = Debug|Any CPU
		{4914781B-71F8-4022-9693-B6C8E8D3D8C3}.AppStore|iPhoneSimulator.ActiveCfg = Debug|Any CPU
		{4914781B-71F8-4022-9693-B6C8E8D3D8C3}.AppStore|iPhoneSimulator.Build.0 = Debug|Any CPU
		{4914781B-71F8-4022-9693-B6C8E8D3D8C3}.AppStore|x64.ActiveCfg = Debug|Any CPU
		{4914781B-71F8-4022-9693-B6C8E8D3D8C3}.AppStore|x64.Build.0 = Debug|Any CPU
		{4914781B-71F8-4022-9693-B6C8E8D3D8C3}.AppStore|x86.ActiveCfg = Debug|Any CPU
		{4914781B-71F8-4022-9693-B6C8E8D3D8C3}.AppStore|x86.Build.0 = Debug|Any CPU
		{4914781B-71F8-4022-9693-B6C8E8D3D8C3}.Debug|Any CPU.ActiveCfg = Debug|Any CPU
		{4914781B-71F8-4022-9693-B6C8E8D3D8C3}.Debug|Any CPU.Build.0 = Debug|Any CPU
		{4914781B-71F8-4022-9693-B6C8E8D3D8C3}.Debug|ARM.ActiveCfg = Debug|Any CPU
		{4914781B-71F8-4022-9693-B6C8E8D3D8C3}.Debug|ARM.Build.0 = Debug|Any CPU
		{4914781B-71F8-4022-9693-B6C8E8D3D8C3}.Debug|iPhone.ActiveCfg = Debug|Any CPU
		{4914781B-71F8-4022-9693-B6C8E8D3D8C3}.Debug|iPhone.Build.0 = Debug|Any CPU
		{4914781B-71F8-4022-9693-B6C8E8D3D8C3}.Debug|iPhoneSimulator.ActiveCfg = Debug|Any CPU
		{4914781B-71F8-4022-9693-B6C8E8D3D8C3}.Debug|iPhoneSimulator.Build.0 = Debug|Any CPU
		{4914781B-71F8-4022-9693-B6C8E8D3D8C3}.Debug|x64.ActiveCfg = Debug|Any CPU
		{4914781B-71F8-4022-9693-B6C8E8D3D8C3}.Debug|x64.Build.0 = Debug|Any CPU
		{4914781B-71F8-4022-9693-B6C8E8D3D8C3}.Debug|x86.ActiveCfg = Debug|Any CPU
		{4914781B-71F8-4022-9693-B6C8E8D3D8C3}.Debug|x86.Build.0 = Debug|Any CPU
		{4914781B-71F8-4022-9693-B6C8E8D3D8C3}.Release|Any CPU.ActiveCfg = Release|Any CPU
		{4914781B-71F8-4022-9693-B6C8E8D3D8C3}.Release|Any CPU.Build.0 = Release|Any CPU
		{4914781B-71F8-4022-9693-B6C8E8D3D8C3}.Release|ARM.ActiveCfg = Release|Any CPU
		{4914781B-71F8-4022-9693-B6C8E8D3D8C3}.Release|ARM.Build.0 = Release|Any CPU
		{4914781B-71F8-4022-9693-B6C8E8D3D8C3}.Release|iPhone.ActiveCfg = Release|Any CPU
		{4914781B-71F8-4022-9693-B6C8E8D3D8C3}.Release|iPhone.Build.0 = Release|Any CPU
		{4914781B-71F8-4022-9693-B6C8E8D3D8C3}.Release|iPhoneSimulator.ActiveCfg = Release|Any CPU
		{4914781B-71F8-4022-9693-B6C8E8D3D8C3}.Release|iPhoneSimulator.Build.0 = Release|Any CPU
		{4914781B-71F8-4022-9693-B6C8E8D3D8C3}.Release|x64.ActiveCfg = Release|Any CPU
		{4914781B-71F8-4022-9693-B6C8E8D3D8C3}.Release|x64.Build.0 = Release|Any CPU
		{4914781B-71F8-4022-9693-B6C8E8D3D8C3}.Release|x86.ActiveCfg = Release|Any CPU
		{4914781B-71F8-4022-9693-B6C8E8D3D8C3}.Release|x86.Build.0 = Release|Any CPU
		{D49CD9D9-FC07-484B-83BE-E94E7045BAF2}.Ad-Hoc|Any CPU.ActiveCfg = Debug|Any CPU
		{D49CD9D9-FC07-484B-83BE-E94E7045BAF2}.Ad-Hoc|Any CPU.Build.0 = Debug|Any CPU
		{D49CD9D9-FC07-484B-83BE-E94E7045BAF2}.Ad-Hoc|ARM.ActiveCfg = Debug|Any CPU
		{D49CD9D9-FC07-484B-83BE-E94E7045BAF2}.Ad-Hoc|ARM.Build.0 = Debug|Any CPU
		{D49CD9D9-FC07-484B-83BE-E94E7045BAF2}.Ad-Hoc|iPhone.ActiveCfg = Debug|Any CPU
		{D49CD9D9-FC07-484B-83BE-E94E7045BAF2}.Ad-Hoc|iPhone.Build.0 = Debug|Any CPU
		{D49CD9D9-FC07-484B-83BE-E94E7045BAF2}.Ad-Hoc|iPhoneSimulator.ActiveCfg = Debug|Any CPU
		{D49CD9D9-FC07-484B-83BE-E94E7045BAF2}.Ad-Hoc|iPhoneSimulator.Build.0 = Debug|Any CPU
		{D49CD9D9-FC07-484B-83BE-E94E7045BAF2}.Ad-Hoc|x64.ActiveCfg = Debug|Any CPU
		{D49CD9D9-FC07-484B-83BE-E94E7045BAF2}.Ad-Hoc|x64.Build.0 = Debug|Any CPU
		{D49CD9D9-FC07-484B-83BE-E94E7045BAF2}.Ad-Hoc|x86.ActiveCfg = Debug|Any CPU
		{D49CD9D9-FC07-484B-83BE-E94E7045BAF2}.Ad-Hoc|x86.Build.0 = Debug|Any CPU
		{D49CD9D9-FC07-484B-83BE-E94E7045BAF2}.AppStore|Any CPU.ActiveCfg = Debug|Any CPU
		{D49CD9D9-FC07-484B-83BE-E94E7045BAF2}.AppStore|Any CPU.Build.0 = Debug|Any CPU
		{D49CD9D9-FC07-484B-83BE-E94E7045BAF2}.AppStore|ARM.ActiveCfg = Debug|Any CPU
		{D49CD9D9-FC07-484B-83BE-E94E7045BAF2}.AppStore|ARM.Build.0 = Debug|Any CPU
		{D49CD9D9-FC07-484B-83BE-E94E7045BAF2}.AppStore|iPhone.ActiveCfg = Debug|Any CPU
		{D49CD9D9-FC07-484B-83BE-E94E7045BAF2}.AppStore|iPhone.Build.0 = Debug|Any CPU
		{D49CD9D9-FC07-484B-83BE-E94E7045BAF2}.AppStore|iPhoneSimulator.ActiveCfg = Debug|Any CPU
		{D49CD9D9-FC07-484B-83BE-E94E7045BAF2}.AppStore|iPhoneSimulator.Build.0 = Debug|Any CPU
		{D49CD9D9-FC07-484B-83BE-E94E7045BAF2}.AppStore|x64.ActiveCfg = Debug|Any CPU
		{D49CD9D9-FC07-484B-83BE-E94E7045BAF2}.AppStore|x64.Build.0 = Debug|Any CPU
		{D49CD9D9-FC07-484B-83BE-E94E7045BAF2}.AppStore|x86.ActiveCfg = Debug|Any CPU
		{D49CD9D9-FC07-484B-83BE-E94E7045BAF2}.AppStore|x86.Build.0 = Debug|Any CPU
		{D49CD9D9-FC07-484B-83BE-E94E7045BAF2}.Debug|Any CPU.ActiveCfg = Debug|Any CPU
		{D49CD9D9-FC07-484B-83BE-E94E7045BAF2}.Debug|Any CPU.Build.0 = Debug|Any CPU
		{D49CD9D9-FC07-484B-83BE-E94E7045BAF2}.Debug|ARM.ActiveCfg = Debug|Any CPU
		{D49CD9D9-FC07-484B-83BE-E94E7045BAF2}.Debug|ARM.Build.0 = Debug|Any CPU
		{D49CD9D9-FC07-484B-83BE-E94E7045BAF2}.Debug|iPhone.ActiveCfg = Debug|Any CPU
		{D49CD9D9-FC07-484B-83BE-E94E7045BAF2}.Debug|iPhone.Build.0 = Debug|Any CPU
		{D49CD9D9-FC07-484B-83BE-E94E7045BAF2}.Debug|iPhoneSimulator.ActiveCfg = Debug|Any CPU
		{D49CD9D9-FC07-484B-83BE-E94E7045BAF2}.Debug|iPhoneSimulator.Build.0 = Debug|Any CPU
		{D49CD9D9-FC07-484B-83BE-E94E7045BAF2}.Debug|x64.ActiveCfg = Debug|Any CPU
		{D49CD9D9-FC07-484B-83BE-E94E7045BAF2}.Debug|x64.Build.0 = Debug|Any CPU
		{D49CD9D9-FC07-484B-83BE-E94E7045BAF2}.Debug|x86.ActiveCfg = Debug|Any CPU
		{D49CD9D9-FC07-484B-83BE-E94E7045BAF2}.Debug|x86.Build.0 = Debug|Any CPU
		{D49CD9D9-FC07-484B-83BE-E94E7045BAF2}.Release|Any CPU.ActiveCfg = Release|Any CPU
		{D49CD9D9-FC07-484B-83BE-E94E7045BAF2}.Release|Any CPU.Build.0 = Release|Any CPU
		{D49CD9D9-FC07-484B-83BE-E94E7045BAF2}.Release|ARM.ActiveCfg = Release|Any CPU
		{D49CD9D9-FC07-484B-83BE-E94E7045BAF2}.Release|ARM.Build.0 = Release|Any CPU
		{D49CD9D9-FC07-484B-83BE-E94E7045BAF2}.Release|iPhone.ActiveCfg = Release|Any CPU
		{D49CD9D9-FC07-484B-83BE-E94E7045BAF2}.Release|iPhone.Build.0 = Release|Any CPU
		{D49CD9D9-FC07-484B-83BE-E94E7045BAF2}.Release|iPhoneSimulator.ActiveCfg = Release|Any CPU
		{D49CD9D9-FC07-484B-83BE-E94E7045BAF2}.Release|iPhoneSimulator.Build.0 = Release|Any CPU
		{D49CD9D9-FC07-484B-83BE-E94E7045BAF2}.Release|x64.ActiveCfg = Release|Any CPU
		{D49CD9D9-FC07-484B-83BE-E94E7045BAF2}.Release|x64.Build.0 = Release|Any CPU
		{D49CD9D9-FC07-484B-83BE-E94E7045BAF2}.Release|x86.ActiveCfg = Release|Any CPU
		{D49CD9D9-FC07-484B-83BE-E94E7045BAF2}.Release|x86.Build.0 = Release|Any CPU
	EndGlobalSection
	GlobalSection(SolutionProperties) = preSolution
		HideSolutionNode = FALSE
	EndGlobalSection
	GlobalSection(ExtensibilityGlobals) = postSolution
		SolutionGuid = {AE2D82BE-63C6-4F0C-9D86-B8058228FDFE}
	EndGlobalSection
EndGlobal
