
Microsoft Visual Studio Solution File, Format Version 12.00
# Visual Studio 15
VisualStudioVersion = 15.0.27428.2027
MinimumVisualStudioVersion = 10.0.40219.1
Project("{FAE04EC0-301F-11D3-BF4B-00C04F79EFBC}") = "FormsApp17.Android", "FormsApp17\FormsApp17.Android\FormsApp17.Android.csproj", "{87D841BA-6433-4947-BA7A-EB7900ECB510}"
EndProject
Project("{FAE04EC0-301F-11D3-BF4B-00C04F79EFBC}") = "FormsApp17.iOS", "FormsApp17\FormsApp17.iOS\FormsApp17.iOS.csproj", "{A7E1C131-C825-4900-8174-677157B6FC82}"
EndProject
Project("{FAE04EC0-301F-11D3-BF4B-00C04F79EFBC}") = "FormsApp17", "FormsApp17\FormsApp17\FormsApp17.csproj", "{C8052CFA-833C-4093-B382-9B7A49DAC5E9}"
EndProject
Global
	GlobalSection(SolutionConfigurationPlatforms) = preSolution
		Ad-Hoc|Any CPU = Ad-Hoc|Any CPU
		Ad-Hoc|iPhone = Ad-Hoc|iPhone
		Ad-Hoc|iPhoneSimulator = Ad-Hoc|iPhoneSimulator
		AppStore|Any CPU = AppStore|Any CPU
		AppStore|iPhone = AppStore|iPhone
		AppStore|iPhoneSimulator = AppStore|iPhoneSimulator
		Debug|Any CPU = Debug|Any CPU
		Debug|iPhone = Debug|iPhone
		Debug|iPhoneSimulator = Debug|iPhoneSimulator
		Release|Any CPU = Release|Any CPU
		Release|iPhone = Release|iPhone
		Release|iPhoneSimulator = Release|iPhoneSimulator
	EndGlobalSection
	GlobalSection(ProjectConfigurationPlatforms) = postSolution
		{87D841BA-6433-4947-BA7A-EB7900ECB510}.Ad-Hoc|Any CPU.ActiveCfg = Release|Any CPU
		{87D841BA-6433-4947-BA7A-EB7900ECB510}.Ad-Hoc|Any CPU.Build.0 = Release|Any CPU
		{87D841BA-6433-4947-BA7A-EB7900ECB510}.Ad-Hoc|Any CPU.Deploy.0 = Release|Any CPU
		{87D841BA-6433-4947-BA7A-EB7900ECB510}.Ad-Hoc|iPhone.ActiveCfg = Release|Any CPU
		{87D841BA-6433-4947-BA7A-EB7900ECB510}.Ad-Hoc|iPhone.Build.0 = Release|Any CPU
		{87D841BA-6433-4947-BA7A-EB7900ECB510}.Ad-Hoc|iPhone.Deploy.0 = Release|Any CPU
		{87D841BA-6433-4947-BA7A-EB7900ECB510}.Ad-Hoc|iPhoneSimulator.ActiveCfg = Release|Any CPU
		{87D841BA-6433-4947-BA7A-EB7900ECB510}.Ad-Hoc|iPhoneSimulator.Build.0 = Release|Any CPU
		{87D841BA-6433-4947-BA7A-EB7900ECB510}.Ad-Hoc|iPhoneSimulator.Deploy.0 = Release|Any CPU
		{87D841BA-6433-4947-BA7A-EB7900ECB510}.AppStore|Any CPU.ActiveCfg = Release|Any CPU
		{87D841BA-6433-4947-BA7A-EB7900ECB510}.AppStore|Any CPU.Build.0 = Release|Any CPU
		{87D841BA-6433-4947-BA7A-EB7900ECB510}.AppStore|Any CPU.Deploy.0 = Release|Any CPU
		{87D841BA-6433-4947-BA7A-EB7900ECB510}.AppStore|iPhone.ActiveCfg = Release|Any CPU
		{87D841BA-6433-4947-BA7A-EB7900ECB510}.AppStore|iPhone.Build.0 = Release|Any CPU
		{87D841BA-6433-4947-BA7A-EB7900ECB510}.AppStore|iPhone.Deploy.0 = Release|Any CPU
		{87D841BA-6433-4947-BA7A-EB7900ECB510}.AppStore|iPhoneSimulator.ActiveCfg = Release|Any CPU
		{87D841BA-6433-4947-BA7A-EB7900ECB510}.AppStore|iPhoneSimulator.Build.0 = Release|Any CPU
		{87D841BA-6433-4947-BA7A-EB7900ECB510}.AppStore|iPhoneSimulator.Deploy.0 = Release|Any CPU
		{87D841BA-6433-4947-BA7A-EB7900ECB510}.Debug|Any CPU.ActiveCfg = Debug|Any CPU
		{87D841BA-6433-4947-BA7A-EB7900ECB510}.Debug|Any CPU.Build.0 = Debug|Any CPU
		{87D841BA-6433-4947-BA7A-EB7900ECB510}.Debug|Any CPU.Deploy.0 = Debug|Any CPU
		{87D841BA-6433-4947-BA7A-EB7900ECB510}.Debug|iPhone.ActiveCfg = Debug|Any CPU
		{87D841BA-6433-4947-BA7A-EB7900ECB510}.Debug|iPhone.Build.0 = Debug|Any CPU
		{87D841BA-6433-4947-BA7A-EB7900ECB510}.Debug|iPhone.Deploy.0 = Debug|Any CPU
		{87D841BA-6433-4947-BA7A-EB7900ECB510}.Debug|iPhoneSimulator.ActiveCfg = Debug|Any CPU
		{87D841BA-6433-4947-BA7A-EB7900ECB510}.Release|Any CPU.ActiveCfg = Release|Any CPU
		{87D841BA-6433-4947-BA7A-EB7900ECB510}.Release|Any CPU.Build.0 = Release|Any CPU
		{87D841BA-6433-4947-BA7A-EB7900ECB510}.Release|Any CPU.Deploy.0 = Release|Any CPU
		{87D841BA-6433-4947-BA7A-EB7900ECB510}.Release|iPhone.ActiveCfg = Release|Any CPU
		{87D841BA-6433-4947-BA7A-EB7900ECB510}.Release|iPhone.Build.0 = Release|Any CPU
		{87D841BA-6433-4947-BA7A-EB7900ECB510}.Release|iPhone.Deploy.0 = Release|Any CPU
		{87D841BA-6433-4947-BA7A-EB7900ECB510}.Release|iPhoneSimulator.ActiveCfg = Release|Any CPU
		{87D841BA-6433-4947-BA7A-EB7900ECB510}.Release|iPhoneSimulator.Build.0 = Release|Any CPU
		{87D841BA-6433-4947-BA7A-EB7900ECB510}.Release|iPhoneSimulator.Deploy.0 = Release|Any CPU
		{A7E1C131-C825-4900-8174-677157B6FC82}.Ad-Hoc|Any CPU.ActiveCfg = Ad-Hoc|iPhone
		{A7E1C131-C825-4900-8174-677157B6FC82}.Ad-Hoc|iPhone.ActiveCfg = Ad-Hoc|iPhone
		{A7E1C131-C825-4900-8174-677157B6FC82}.Ad-Hoc|iPhone.Build.0 = Ad-Hoc|iPhone
		{A7E1C131-C825-4900-8174-677157B6FC82}.Ad-Hoc|iPhoneSimulator.ActiveCfg = Ad-Hoc|iPhoneSimulator
		{A7E1C131-C825-4900-8174-677157B6FC82}.Ad-Hoc|iPhoneSimulator.Build.0 = Ad-Hoc|iPhoneSimulator
		{A7E1C131-C825-4900-8174-677157B6FC82}.AppStore|Any CPU.ActiveCfg = AppStore|iPhone
		{A7E1C131-C825-4900-8174-677157B6FC82}.AppStore|iPhone.ActiveCfg = AppStore|iPhone
		{A7E1C131-C825-4900-8174-677157B6FC82}.AppStore|iPhone.Build.0 = AppStore|iPhone
		{A7E1C131-C825-4900-8174-677157B6FC82}.AppStore|iPhoneSimulator.ActiveCfg = AppStore|iPhoneSimulator
		{A7E1C131-C825-4900-8174-677157B6FC82}.AppStore|iPhoneSimulator.Build.0 = AppStore|iPhoneSimulator
		{A7E1C131-C825-4900-8174-677157B6FC82}.Debug|Any CPU.ActiveCfg = Debug|iPhoneSimulator
		{A7E1C131-C825-4900-8174-677157B6FC82}.Debug|iPhone.ActiveCfg = Debug|iPhone
		{A7E1C131-C825-4900-8174-677157B6FC82}.Debug|iPhone.Build.0 = Debug|iPhone
		{A7E1C131-C825-4900-8174-677157B6FC82}.Debug|iPhoneSimulator.ActiveCfg = Debug|iPhoneSimulator
		{A7E1C131-C825-4900-8174-677157B6FC82}.Debug|iPhoneSimulator.Build.0 = Debug|iPhoneSimulator
		{A7E1C131-C825-4900-8174-677157B6FC82}.Release|Any CPU.ActiveCfg = Release|iPhone
		{A7E1C131-C825-4900-8174-677157B6FC82}.Release|iPhone.ActiveCfg = Release|iPhone
		{A7E1C131-C825-4900-8174-677157B6FC82}.Release|iPhone.Build.0 = Release|iPhone
		{A7E1C131-C825-4900-8174-677157B6FC82}.Release|iPhoneSimulator.ActiveCfg = Release|iPhoneSimulator
		{A7E1C131-C825-4900-8174-677157B6FC82}.Release|iPhoneSimulator.Build.0 = Release|iPhoneSimulator
		{C8052CFA-833C-4093-B382-9B7A49DAC5E9}.Ad-Hoc|Any CPU.ActiveCfg = Debug|Any CPU
		{C8052CFA-833C-4093-B382-9B7A49DAC5E9}.Ad-Hoc|Any CPU.Build.0 = Debug|Any CPU
		{C8052CFA-833C-4093-B382-9B7A49DAC5E9}.Ad-Hoc|iPhone.ActiveCfg = Debug|Any CPU
		{C8052CFA-833C-4093-B382-9B7A49DAC5E9}.Ad-Hoc|iPhone.Build.0 = Debug|Any CPU
		{C8052CFA-833C-4093-B382-9B7A49DAC5E9}.Ad-Hoc|iPhoneSimulator.ActiveCfg = Debug|Any CPU
		{C8052CFA-833C-4093-B382-9B7A49DAC5E9}.Ad-Hoc|iPhoneSimulator.Build.0 = Debug|Any CPU
		{C8052CFA-833C-4093-B382-9B7A49DAC5E9}.AppStore|Any CPU.ActiveCfg = Debug|Any CPU
		{C8052CFA-833C-4093-B382-9B7A49DAC5E9}.AppStore|Any CPU.Build.0 = Debug|Any CPU
		{C8052CFA-833C-4093-B382-9B7A49DAC5E9}.AppStore|iPhone.ActiveCfg = Debug|Any CPU
		{C8052CFA-833C-4093-B382-9B7A49DAC5E9}.AppStore|iPhone.Build.0 = Debug|Any CPU
		{C8052CFA-833C-4093-B382-9B7A49DAC5E9}.AppStore|iPhoneSimulator.ActiveCfg = Debug|Any CPU
		{C8052CFA-833C-4093-B382-9B7A49DAC5E9}.AppStore|iPhoneSimulator.Build.0 = Debug|Any CPU
		{C8052CFA-833C-4093-B382-9B7A49DAC5E9}.Debug|Any CPU.ActiveCfg = Debug|Any CPU
		{C8052CFA-833C-4093-B382-9B7A49DAC5E9}.Debug|Any CPU.Build.0 = Debug|Any CPU
		{C8052CFA-833C-4093-B382-9B7A49DAC5E9}.Debug|iPhone.ActiveCfg = Debug|Any CPU
		{C8052CFA-833C-4093-B382-9B7A49DAC5E9}.Debug|iPhone.Build.0 = Debug|Any CPU
		{C8052CFA-833C-4093-B382-9B7A49DAC5E9}.Debug|iPhoneSimulator.ActiveCfg = Debug|Any CPU
		{C8052CFA-833C-4093-B382-9B7A49DAC5E9}.Debug|iPhoneSimulator.Build.0 = Debug|Any CPU
		{C8052CFA-833C-4093-B382-9B7A49DAC5E9}.Release|Any CPU.ActiveCfg = Release|Any CPU
		{C8052CFA-833C-4093-B382-9B7A49DAC5E9}.Release|Any CPU.Build.0 = Release|Any CPU
		{C8052CFA-833C-4093-B382-9B7A49DAC5E9}.Release|iPhone.ActiveCfg = Release|Any CPU
		{C8052CFA-833C-4093-B382-9B7A49DAC5E9}.Release|iPhone.Build.0 = Release|Any CPU
		{C8052CFA-833C-4093-B382-9B7A49DAC5E9}.Release|iPhoneSimulator.ActiveCfg = Release|Any CPU
		{C8052CFA-833C-4093-B382-9B7A49DAC5E9}.Release|iPhoneSimulator.Build.0 = Release|Any CPU
	EndGlobalSection
	GlobalSection(SolutionProperties) = preSolution
		HideSolutionNode = FALSE
	EndGlobalSection
	GlobalSection(ExtensibilityGlobals) = postSolution
		SolutionGuid = {EE410D16-30F4-488C-9EE2-9D3429379845}
	EndGlobalSection
EndGlobal
