
Microsoft Visual Studio Solution File, Format Version 12.00
# Visual Studio 15
VisualStudioVersion = 15.0.27428.2027
MinimumVisualStudioVersion = 10.0.40219.1
Project("{FAE04EC0-301F-11D3-BF4B-00C04F79EFBC}") = "FormsApp18.Android", "FormsApp18\FormsApp18.Android\FormsApp18.Android.csproj", "{8652CCC1-924D-4F3C-9D15-092C3FC5668B}"
EndProject
Project("{FAE04EC0-301F-11D3-BF4B-00C04F79EFBC}") = "FormsApp18.iOS", "FormsApp18\FormsApp18.iOS\FormsApp18.iOS.csproj", "{D89ECB1C-6863-4615-8B62-A7CC595C5A50}"
EndProject
Project("{FAE04EC0-301F-11D3-BF4B-00C04F79EFBC}") = "FormsApp18", "FormsApp18\FormsApp18\FormsApp18.csproj", "{E599C2CD-3595-4E18-AD96-44E628A3287C}"
EndProject
Global
	GlobalSection(SolutionConfigurationPlatforms) = preSolution
		Ad-Hoc|Any CPU = Ad-Hoc|Any CPU
		Ad-Hoc|ARM = Ad-Hoc|ARM
		Ad-Hoc|iPhone = Ad-Hoc|iPhone
		Ad-Hoc|iPhoneSimulator = Ad-Hoc|iPhoneSimulator
		Ad-Hoc|x64 = Ad-Hoc|x64
		Ad-Hoc|x86 = Ad-Hoc|x86
		AppStore|Any CPU = AppStore|Any CPU
		AppStore|ARM = AppStore|ARM
		AppStore|iPhone = AppStore|iPhone
		AppStore|iPhoneSimulator = AppStore|iPhoneSimulator
		AppStore|x64 = AppStore|x64
		AppStore|x86 = AppStore|x86
		Debug|Any CPU = Debug|Any CPU
		Debug|ARM = Debug|ARM
		Debug|iPhone = Debug|iPhone
		Debug|iPhoneSimulator = Debug|iPhoneSimulator
		Debug|x64 = Debug|x64
		Debug|x86 = Debug|x86
		Release|Any CPU = Release|Any CPU
		Release|ARM = Release|ARM
		Release|iPhone = Release|iPhone
		Release|iPhoneSimulator = Release|iPhoneSimulator
		Release|x64 = Release|x64
		Release|x86 = Release|x86
	EndGlobalSection
	GlobalSection(ProjectConfigurationPlatforms) = postSolution
		{8652CCC1-924D-4F3C-9D15-092C3FC5668B}.Ad-Hoc|Any CPU.ActiveCfg = Release|Any CPU
		{8652CCC1-924D-4F3C-9D15-092C3FC5668B}.Ad-Hoc|Any CPU.Build.0 = Release|Any CPU
		{8652CCC1-924D-4F3C-9D15-092C3FC5668B}.Ad-Hoc|Any CPU.Deploy.0 = Release|Any CPU
		{8652CCC1-924D-4F3C-9D15-092C3FC5668B}.Ad-Hoc|ARM.ActiveCfg = Release|Any CPU
		{8652CCC1-924D-4F3C-9D15-092C3FC5668B}.Ad-Hoc|ARM.Build.0 = Release|Any CPU
		{8652CCC1-924D-4F3C-9D15-092C3FC5668B}.Ad-Hoc|ARM.Deploy.0 = Release|Any CPU
		{8652CCC1-924D-4F3C-9D15-092C3FC5668B}.Ad-Hoc|iPhone.ActiveCfg = Release|Any CPU
		{8652CCC1-924D-4F3C-9D15-092C3FC5668B}.Ad-Hoc|iPhone.Build.0 = Release|Any CPU
		{8652CCC1-924D-4F3C-9D15-092C3FC5668B}.Ad-Hoc|iPhone.Deploy.0 = Release|Any CPU
		{8652CCC1-924D-4F3C-9D15-092C3FC5668B}.Ad-Hoc|iPhoneSimulator.ActiveCfg = Release|Any CPU
		{8652CCC1-924D-4F3C-9D15-092C3FC5668B}.Ad-Hoc|iPhoneSimulator.Build.0 = Release|Any CPU
		{8652CCC1-924D-4F3C-9D15-092C3FC5668B}.Ad-Hoc|iPhoneSimulator.Deploy.0 = Release|Any CPU
		{8652CCC1-924D-4F3C-9D15-092C3FC5668B}.Ad-Hoc|x64.ActiveCfg = Release|Any CPU
		{8652CCC1-924D-4F3C-9D15-092C3FC5668B}.Ad-Hoc|x64.Build.0 = Release|Any CPU
		{8652CCC1-924D-4F3C-9D15-092C3FC5668B}.Ad-Hoc|x64.Deploy.0 = Release|Any CPU
		{8652CCC1-924D-4F3C-9D15-092C3FC5668B}.Ad-Hoc|x86.ActiveCfg = Release|Any CPU
		{8652CCC1-924D-4F3C-9D15-092C3FC5668B}.Ad-Hoc|x86.Build.0 = Release|Any CPU
		{8652CCC1-924D-4F3C-9D15-092C3FC5668B}.Ad-Hoc|x86.Deploy.0 = Release|Any CPU
		{8652CCC1-924D-4F3C-9D15-092C3FC5668B}.AppStore|Any CPU.ActiveCfg = Release|Any CPU
		{8652CCC1-924D-4F3C-9D15-092C3FC5668B}.AppStore|Any CPU.Build.0 = Release|Any CPU
		{8652CCC1-924D-4F3C-9D15-092C3FC5668B}.AppStore|Any CPU.Deploy.0 = Release|Any CPU
		{8652CCC1-924D-4F3C-9D15-092C3FC5668B}.AppStore|ARM.ActiveCfg = Release|Any CPU
		{8652CCC1-924D-4F3C-9D15-092C3FC5668B}.AppStore|ARM.Build.0 = Release|Any CPU
		{8652CCC1-924D-4F3C-9D15-092C3FC5668B}.AppStore|ARM.Deploy.0 = Release|Any CPU
		{8652CCC1-924D-4F3C-9D15-092C3FC5668B}.AppStore|iPhone.ActiveCfg = Release|Any CPU
		{8652CCC1-924D-4F3C-9D15-092C3FC5668B}.AppStore|iPhone.Build.0 = Release|Any CPU
		{8652CCC1-924D-4F3C-9D15-092C3FC5668B}.AppStore|iPhone.Deploy.0 = Release|Any CPU
		{8652CCC1-924D-4F3C-9D15-092C3FC5668B}.AppStore|iPhoneSimulator.ActiveCfg = Release|Any CPU
		{8652CCC1-924D-4F3C-9D15-092C3FC5668B}.AppStore|iPhoneSimulator.Build.0 = Release|Any CPU
		{8652CCC1-924D-4F3C-9D15-092C3FC5668B}.AppStore|iPhoneSimulator.Deploy.0 = Release|Any CPU
		{8652CCC1-924D-4F3C-9D15-092C3FC5668B}.AppStore|x64.ActiveCfg = Release|Any CPU
		{8652CCC1-924D-4F3C-9D15-092C3FC5668B}.AppStore|x64.Build.0 = Release|Any CPU
		{8652CCC1-924D-4F3C-9D15-092C3FC5668B}.AppStore|x64.Deploy.0 = Release|Any CPU
		{8652CCC1-924D-4F3C-9D15-092C3FC5668B}.AppStore|x86.ActiveCfg = Release|Any CPU
		{8652CCC1-924D-4F3C-9D15-092C3FC5668B}.AppStore|x86.Build.0 = Release|Any CPU
		{8652CCC1-924D-4F3C-9D15-092C3FC5668B}.AppStore|x86.Deploy.0 = Release|Any CPU
		{8652CCC1-924D-4F3C-9D15-092C3FC5668B}.Debug|Any CPU.ActiveCfg = Debug|Any CPU
		{8652CCC1-924D-4F3C-9D15-092C3FC5668B}.Debug|Any CPU.Build.0 = Debug|Any CPU
		{8652CCC1-924D-4F3C-9D15-092C3FC5668B}.Debug|Any CPU.Deploy.0 = Debug|Any CPU
		{8652CCC1-924D-4F3C-9D15-092C3FC5668B}.Debug|ARM.ActiveCfg = Debug|Any CPU
		{8652CCC1-924D-4F3C-9D15-092C3FC5668B}.Debug|ARM.Build.0 = Debug|Any CPU
		{8652CCC1-924D-4F3C-9D15-092C3FC5668B}.Debug|ARM.Deploy.0 = Debug|Any CPU
		{8652CCC1-924D-4F3C-9D15-092C3FC5668B}.Debug|iPhone.ActiveCfg = Debug|Any CPU
		{8652CCC1-924D-4F3C-9D15-092C3FC5668B}.Debug|iPhone.Build.0 = Debug|Any CPU
		{8652CCC1-924D-4F3C-9D15-092C3FC5668B}.Debug|iPhone.Deploy.0 = Debug|Any CPU
		{8652CCC1-924D-4F3C-9D15-092C3FC5668B}.Debug|iPhoneSimulator.ActiveCfg = Debug|Any CPU
		{8652CCC1-924D-4F3C-9D15-092C3FC5668B}.Debug|x64.ActiveCfg = Debug|Any CPU
		{8652CCC1-924D-4F3C-9D15-092C3FC5668B}.Debug|x64.Build.0 = Debug|Any CPU
		{8652CCC1-924D-4F3C-9D15-092C3FC5668B}.Debug|x64.Deploy.0 = Debug|Any CPU
		{8652CCC1-924D-4F3C-9D15-092C3FC5668B}.Debug|x86.ActiveCfg = Debug|Any CPU
		{8652CCC1-924D-4F3C-9D15-092C3FC5668B}.Release|Any CPU.ActiveCfg = Release|Any CPU
		{8652CCC1-924D-4F3C-9D15-092C3FC5668B}.Release|Any CPU.Build.0 = Release|Any CPU
		{8652CCC1-924D-4F3C-9D15-092C3FC5668B}.Release|Any CPU.Deploy.0 = Release|Any CPU
		{8652CCC1-924D-4F3C-9D15-092C3FC5668B}.Release|ARM.ActiveCfg = Release|Any CPU
		{8652CCC1-924D-4F3C-9D15-092C3FC5668B}.Release|ARM.Build.0 = Release|Any CPU
		{8652CCC1-924D-4F3C-9D15-092C3FC5668B}.Release|ARM.Deploy.0 = Release|Any CPU
		{8652CCC1-924D-4F3C-9D15-092C3FC5668B}.Release|iPhone.ActiveCfg = Release|Any CPU
		{8652CCC1-924D-4F3C-9D15-092C3FC5668B}.Release|iPhone.Build.0 = Release|Any CPU
		{8652CCC1-924D-4F3C-9D15-092C3FC5668B}.Release|iPhone.Deploy.0 = Release|Any CPU
		{8652CCC1-924D-4F3C-9D15-092C3FC5668B}.Release|iPhoneSimulator.ActiveCfg = Release|Any CPU
		{8652CCC1-924D-4F3C-9D15-092C3FC5668B}.Release|iPhoneSimulator.Build.0 = Release|Any CPU
		{8652CCC1-924D-4F3C-9D15-092C3FC5668B}.Release|iPhoneSimulator.Deploy.0 = Release|Any CPU
		{8652CCC1-924D-4F3C-9D15-092C3FC5668B}.Release|x64.ActiveCfg = Release|Any CPU
		{8652CCC1-924D-4F3C-9D15-092C3FC5668B}.Release|x64.Build.0 = Release|Any CPU
		{8652CCC1-924D-4F3C-9D15-092C3FC5668B}.Release|x64.Deploy.0 = Release|Any CPU
		{8652CCC1-924D-4F3C-9D15-092C3FC5668B}.Release|x86.ActiveCfg = Release|Any CPU
		{8652CCC1-924D-4F3C-9D15-092C3FC5668B}.Release|x86.Build.0 = Release|Any CPU
		{8652CCC1-924D-4F3C-9D15-092C3FC5668B}.Release|x86.Deploy.0 = Release|Any CPU
		{D89ECB1C-6863-4615-8B62-A7CC595C5A50}.Ad-Hoc|Any CPU.ActiveCfg = Ad-Hoc|iPhone
		{D89ECB1C-6863-4615-8B62-A7CC595C5A50}.Ad-Hoc|ARM.ActiveCfg = Ad-Hoc|iPhone
		{D89ECB1C-6863-4615-8B62-A7CC595C5A50}.Ad-Hoc|iPhone.ActiveCfg = Ad-Hoc|iPhone
		{D89ECB1C-6863-4615-8B62-A7CC595C5A50}.Ad-Hoc|iPhone.Build.0 = Ad-Hoc|iPhone
		{D89ECB1C-6863-4615-8B62-A7CC595C5A50}.Ad-Hoc|iPhoneSimulator.ActiveCfg = Ad-Hoc|iPhoneSimulator
		{D89ECB1C-6863-4615-8B62-A7CC595C5A50}.Ad-Hoc|iPhoneSimulator.Build.0 = Ad-Hoc|iPhoneSimulator
		{D89ECB1C-6863-4615-8B62-A7CC595C5A50}.Ad-Hoc|x64.ActiveCfg = Ad-Hoc|iPhone
		{D89ECB1C-6863-4615-8B62-A7CC595C5A50}.Ad-Hoc|x86.ActiveCfg = Ad-Hoc|iPhone
		{D89ECB1C-6863-4615-8B62-A7CC595C5A50}.AppStore|Any CPU.ActiveCfg = AppStore|iPhone
		{D89ECB1C-6863-4615-8B62-A7CC595C5A50}.AppStore|ARM.ActiveCfg = AppStore|iPhone
		{D89ECB1C-6863-4615-8B62-A7CC595C5A50}.AppStore|iPhone.ActiveCfg = AppStore|iPhone
		{D89ECB1C-6863-4615-8B62-A7CC595C5A50}.AppStore|iPhone.Build.0 = AppStore|iPhone
		{D89ECB1C-6863-4615-8B62-A7CC595C5A50}.AppStore|iPhoneSimulator.ActiveCfg = AppStore|iPhoneSimulator
		{D89ECB1C-6863-4615-8B62-A7CC595C5A50}.AppStore|iPhoneSimulator.Build.0 = AppStore|iPhoneSimulator
		{D89ECB1C-6863-4615-8B62-A7CC595C5A50}.AppStore|x64.ActiveCfg = AppStore|iPhone
		{D89ECB1C-6863-4615-8B62-A7CC595C5A50}.AppStore|x86.ActiveCfg = AppStore|iPhone
		{D89ECB1C-6863-4615-8B62-A7CC595C5A50}.Debug|Any CPU.ActiveCfg = Debug|iPhoneSimulator
		{D89ECB1C-6863-4615-8B62-A7CC595C5A50}.Debug|ARM.ActiveCfg = Debug|iPhone
		{D89ECB1C-6863-4615-8B62-A7CC595C5A50}.Debug|iPhone.ActiveCfg = Debug|iPhone
		{D89ECB1C-6863-4615-8B62-A7CC595C5A50}.Debug|iPhone.Build.0 = Debug|iPhone
		{D89ECB1C-6863-4615-8B62-A7CC595C5A50}.Debug|iPhoneSimulator.ActiveCfg = Debug|iPhoneSimulator
		{D89ECB1C-6863-4615-8B62-A7CC595C5A50}.Debug|iPhoneSimulator.Build.0 = Debug|iPhoneSimulator
		{D89ECB1C-6863-4615-8B62-A7CC595C5A50}.Debug|x64.ActiveCfg = Debug|iPhone
		{D89ECB1C-6863-4615-8B62-A7CC595C5A50}.Debug|x86.ActiveCfg = Debug|iPhoneSimulator
		{D89ECB1C-6863-4615-8B62-A7CC595C5A50}.Release|Any CPU.ActiveCfg = Release|iPhone
		{D89ECB1C-6863-4615-8B62-A7CC595C5A50}.Release|ARM.ActiveCfg = Release|iPhone
		{D89ECB1C-6863-4615-8B62-A7CC595C5A50}.Release|iPhone.ActiveCfg = Release|iPhone
		{D89ECB1C-6863-4615-8B62-A7CC595C5A50}.Release|iPhone.Build.0 = Release|iPhone
		{D89ECB1C-6863-4615-8B62-A7CC595C5A50}.Release|iPhoneSimulator.ActiveCfg = Release|iPhoneSimulator
		{D89ECB1C-6863-4615-8B62-A7CC595C5A50}.Release|iPhoneSimulator.Build.0 = Release|iPhoneSimulator
		{D89ECB1C-6863-4615-8B62-A7CC595C5A50}.Release|x64.ActiveCfg = Release|iPhone
		{D89ECB1C-6863-4615-8B62-A7CC595C5A50}.Release|x86.ActiveCfg = Release|iPhone
		{E599C2CD-3595-4E18-AD96-44E628A3287C}.Ad-Hoc|Any CPU.ActiveCfg = Debug|Any CPU
		{E599C2CD-3595-4E18-AD96-44E628A3287C}.Ad-Hoc|Any CPU.Build.0 = Debug|Any CPU
		{E599C2CD-3595-4E18-AD96-44E628A3287C}.Ad-Hoc|ARM.ActiveCfg = Debug|Any CPU
		{E599C2CD-3595-4E18-AD96-44E628A3287C}.Ad-Hoc|ARM.Build.0 = Debug|Any CPU
		{E599C2CD-3595-4E18-AD96-44E628A3287C}.Ad-Hoc|iPhone.ActiveCfg = Debug|Any CPU
		{E599C2CD-3595-4E18-AD96-44E628A3287C}.Ad-Hoc|iPhone.Build.0 = Debug|Any CPU
		{E599C2CD-3595-4E18-AD96-44E628A3287C}.Ad-Hoc|iPhoneSimulator.ActiveCfg = Debug|Any CPU
		{E599C2CD-3595-4E18-AD96-44E628A3287C}.Ad-Hoc|iPhoneSimulator.Build.0 = Debug|Any CPU
		{E599C2CD-3595-4E18-AD96-44E628A3287C}.Ad-Hoc|x64.ActiveCfg = Debug|Any CPU
		{E599C2CD-3595-4E18-AD96-44E628A3287C}.Ad-Hoc|x64.Build.0 = Debug|Any CPU
		{E599C2CD-3595-4E18-AD96-44E628A3287C}.Ad-Hoc|x86.ActiveCfg = Debug|Any CPU
		{E599C2CD-3595-4E18-AD96-44E628A3287C}.Ad-Hoc|x86.Build.0 = Debug|Any CPU
		{E599C2CD-3595-4E18-AD96-44E628A3287C}.AppStore|Any CPU.ActiveCfg = Debug|Any CPU
		{E599C2CD-3595-4E18-AD96-44E628A3287C}.AppStore|Any CPU.Build.0 = Debug|Any CPU
		{E599C2CD-3595-4E18-AD96-44E628A3287C}.AppStore|ARM.ActiveCfg = Debug|Any CPU
		{E599C2CD-3595-4E18-AD96-44E628A3287C}.AppStore|ARM.Build.0 = Debug|Any CPU
		{E599C2CD-3595-4E18-AD96-44E628A3287C}.AppStore|iPhone.ActiveCfg = Debug|Any CPU
		{E599C2CD-3595-4E18-AD96-44E628A3287C}.AppStore|iPhone.Build.0 = Debug|Any CPU
		{E599C2CD-3595-4E18-AD96-44E628A3287C}.AppStore|iPhoneSimulator.ActiveCfg = Debug|Any CPU
		{E599C2CD-3595-4E18-AD96-44E628A3287C}.AppStore|iPhoneSimulator.Build.0 = Debug|Any CPU
		{E599C2CD-3595-4E18-AD96-44E628A3287C}.AppStore|x64.ActiveCfg = Debug|Any CPU
		{E599C2CD-3595-4E18-AD96-44E628A3287C}.AppStore|x64.Build.0 = Debug|Any CPU
		{E599C2CD-3595-4E18-AD96-44E628A3287C}.AppStore|x86.ActiveCfg = Debug|Any CPU
		{E599C2CD-3595-4E18-AD96-44E628A3287C}.AppStore|x86.Build.0 = Debug|Any CPU
		{E599C2CD-3595-4E18-AD96-44E628A3287C}.Debug|Any CPU.ActiveCfg = Debug|Any CPU
		{E599C2CD-3595-4E18-AD96-44E628A3287C}.Debug|Any CPU.Build.0 = Debug|Any CPU
		{E599C2CD-3595-4E18-AD96-44E628A3287C}.Debug|ARM.ActiveCfg = Debug|Any CPU
		{E599C2CD-3595-4E18-AD96-44E628A3287C}.Debug|ARM.Build.0 = Debug|Any CPU
		{E599C2CD-3595-4E18-AD96-44E628A3287C}.Debug|iPhone.ActiveCfg = Debug|Any CPU
		{E599C2CD-3595-4E18-AD96-44E628A3287C}.Debug|iPhone.Build.0 = Debug|Any CPU
		{E599C2CD-3595-4E18-AD96-44E628A3287C}.Debug|iPhoneSimulator.ActiveCfg = Debug|Any CPU
		{E599C2CD-3595-4E18-AD96-44E628A3287C}.Debug|iPhoneSimulator.Build.0 = Debug|Any CPU
		{E599C2CD-3595-4E18-AD96-44E628A3287C}.Debug|x64.ActiveCfg = Debug|Any CPU
		{E599C2CD-3595-4E18-AD96-44E628A3287C}.Debug|x64.Build.0 = Debug|Any CPU
		{E599C2CD-3595-4E18-AD96-44E628A3287C}.Debug|x86.ActiveCfg = Debug|Any CPU
		{E599C2CD-3595-4E18-AD96-44E628A3287C}.Debug|x86.Build.0 = Debug|Any CPU
		{E599C2CD-3595-4E18-AD96-44E628A3287C}.Release|Any CPU.ActiveCfg = Release|Any CPU
		{E599C2CD-3595-4E18-AD96-44E628A3287C}.Release|Any CPU.Build.0 = Release|Any CPU
		{E599C2CD-3595-4E18-AD96-44E628A3287C}.Release|ARM.ActiveCfg = Release|Any CPU
		{E599C2CD-3595-4E18-AD96-44E628A3287C}.Release|ARM.Build.0 = Release|Any CPU
		{E599C2CD-3595-4E18-AD96-44E628A3287C}.Release|iPhone.ActiveCfg = Release|Any CPU
		{E599C2CD-3595-4E18-AD96-44E628A3287C}.Release|iPhone.Build.0 = Release|Any CPU
		{E599C2CD-3595-4E18-AD96-44E628A3287C}.Release|iPhoneSimulator.ActiveCfg = Release|Any CPU
		{E599C2CD-3595-4E18-AD96-44E628A3287C}.Release|iPhoneSimulator.Build.0 = Release|Any CPU
		{E599C2CD-3595-4E18-AD96-44E628A3287C}.Release|x64.ActiveCfg = Release|Any CPU
		{E599C2CD-3595-4E18-AD96-44E628A3287C}.Release|x64.Build.0 = Release|Any CPU
		{E599C2CD-3595-4E18-AD96-44E628A3287C}.Release|x86.ActiveCfg = Release|Any CPU
		{E599C2CD-3595-4E18-AD96-44E628A3287C}.Release|x86.Build.0 = Release|Any CPU
	EndGlobalSection
	GlobalSection(SolutionProperties) = preSolution
		HideSolutionNode = FALSE
	EndGlobalSection
	GlobalSection(ExtensibilityGlobals) = postSolution
		SolutionGuid = {C2D4AB4E-5BDC-4BF8-B9B7-C5D44BC7C712}
	EndGlobalSection
EndGlobal
